// !$*UTF8*$!
{
	archiveVersion = 1;
	classes = {
	};
	objectVersion = 56;
	objects = {

/* Begin PBXBuildFile section */
		DEB6DE232906BA8500205423 /* AppDelegate.swift in Sources */ = {isa = PBXBuildFile; fileRef = DEB6DE222906BA8500205423 /* AppDelegate.swift */; };
		DEB6DE252906BA8500205423 /* SceneDelegate.swift in Sources */ = {isa = PBXBuildFile; fileRef = DEB6DE242906BA8500205423 /* SceneDelegate.swift */; };
		DEB6DE272906BA8500205423 /* ViewController.swift in Sources */ = {isa = PBXBuildFile; fileRef = DEB6DE262906BA8500205423 /* ViewController.swift */; };
		DEB6DE2A2906BA8500205423 /* Main.storyboard in Resources */ = {isa = PBXBuildFile; fileRef = DEB6DE282906BA8500205423 /* Main.storyboard */; };
		DEB6DE2D2906BA8500205423 /* collections.xcdatamodeld in Sources */ = {isa = PBXBuildFile; fileRef = DEB6DE2B2906BA8500205423 /* collections.xcdatamodeld */; };
		DEB6DE2F2906BA8600205423 /* Assets.xcassets in Resources */ = {isa = PBXBuildFile; fileRef = DEB6DE2E2906BA8600205423 /* Assets.xcassets */; };
		DEB6DE322906BA8600205423 /* LaunchScreen.storyboard in Resources */ = {isa = PBXBuildFile; fileRef = DEB6DE302906BA8600205423 /* LaunchScreen.storyboard */; };
		DEB6DE3D2906BA8600205423 /* collectionsTests.swift in Sources */ = {isa = PBXBuildFile; fileRef = DEB6DE3C2906BA8600205423 /* collectionsTests.swift */; };
		DEB6DE472906BA8600205423 /* collectionsUITests.swift in Sources */ = {isa = PBXBuildFile; fileRef = DEB6DE462906BA8600205423 /* collectionsUITests.swift */; };
		DEB6DE492906BA8600205423 /* collectionsUITestsLaunchTests.swift in Sources */ = {isa = PBXBuildFile; fileRef = DEB6DE482906BA8600205423 /* collectionsUITestsLaunchTests.swift */; };
/* End PBXBuildFile section */

/* Begin PBXContainerItemProxy section */
		DEB6DE392906BA8600205423 /* PBXContainerItemProxy */ = {
			isa = PBXContainerItemProxy;
			containerPortal = DEB6DE172906BA8500205423 /* Project object */;
			proxyType = 1;
			remoteGlobalIDString = DEB6DE1E2906BA8500205423;
			remoteInfo = collections;
		};
		DEB6DE432906BA8600205423 /* PBXContainerItemProxy */ = {
			isa = PBXContainerItemProxy;
			containerPortal = DEB6DE172906BA8500205423 /* Project object */;
			proxyType = 1;
			remoteGlobalIDString = DEB6DE1E2906BA8500205423;
			remoteInfo = collections;
		};
/* End PBXContainerItemProxy section */

/* Begin PBXFileReference section */
		DEB6DE1F2906BA8500205423 /* collections.app */ = {isa = PBXFileReference; explicitFileType = wrapper.application; includeInIndex = 0; path = collections.app; sourceTree = BUILT_PRODUCTS_DIR; };
		DEB6DE222906BA8500205423 /* AppDelegate.swift */ = {isa = PBXFileReference; lastKnownFileType = sourcecode.swift; path = AppDelegate.swift; sourceTree = "<group>"; };
		DEB6DE242906BA8500205423 /* SceneDelegate.swift */ = {isa = PBXFileReference; lastKnownFileType = sourcecode.swift; path = SceneDelegate.swift; sourceTree = "<group>"; };
		DEB6DE262906BA8500205423 /* ViewController.swift */ = {isa = PBXFileReference; lastKnownFileType = sourcecode.swift; path = ViewController.swift; sourceTree = "<group>"; };
		DEB6DE292906BA8500205423 /* Base */ = {isa = PBXFileReference; lastKnownFileType = file.storyboard; name = Base; path = Base.lproj/Main.storyboard; sourceTree = "<group>"; };
		DEB6DE2C2906BA8500205423 /* collections.xcdatamodel */ = {isa = PBXFileReference; lastKnownFileType = wrapper.xcdatamodel; path = collections.xcdatamodel; sourceTree = "<group>"; };
		DEB6DE2E2906BA8600205423 /* Assets.xcassets */ = {isa = PBXFileReference; lastKnownFileType = folder.assetcatalog; path = Assets.xcassets; sourceTree = "<group>"; };
		DEB6DE312906BA8600205423 /* Base */ = {isa = PBXFileReference; lastKnownFileType = file.storyboard; name = Base; path = Base.lproj/LaunchScreen.storyboard; sourceTree = "<group>"; };
		DEB6DE332906BA8600205423 /* Info.plist */ = {isa = PBXFileReference; lastKnownFileType = text.plist.xml; path = Info.plist; sourceTree = "<group>"; };
		DEB6DE382906BA8600205423 /* collectionsTests.xctest */ = {isa = PBXFileReference; explicitFileType = wrapper.cfbundle; includeInIndex = 0; path = collectionsTests.xctest; sourceTree = BUILT_PRODUCTS_DIR; };
		DEB6DE3C2906BA8600205423 /* collectionsTests.swift */ = {isa = PBXFileReference; lastKnownFileType = sourcecode.swift; path = collectionsTests.swift; sourceTree = "<group>"; };
		DEB6DE422906BA8600205423 /* collectionsUITests.xctest */ = {isa = PBXFileReference; explicitFileType = wrapper.cfbundle; includeInIndex = 0; path = collectionsUITests.xctest; sourceTree = BUILT_PRODUCTS_DIR; };
		DEB6DE462906BA8600205423 /* collectionsUITests.swift */ = {isa = PBXFileReference; lastKnownFileType = sourcecode.swift; path = collectionsUITests.swift; sourceTree = "<group>"; };
		DEB6DE482906BA8600205423 /* collectionsUITestsLaunchTests.swift */ = {isa = PBXFileReference; lastKnownFileType = sourcecode.swift; path = collectionsUITestsLaunchTests.swift; sourceTree = "<group>"; };
/* End PBXFileReference section */

/* Begin PBXFrameworksBuildPhase section */
		DEB6DE1C2906BA8500205423 /* Frameworks */ = {
			isa = PBXFrameworksBuildPhase;
			buildActionMask = 2147483647;
			files = (
			);
			runOnlyForDeploymentPostprocessing = 0;
		};
		DEB6DE352906BA8600205423 /* Frameworks */ = {
			isa = PBXFrameworksBuildPhase;
			buildActionMask = 2147483647;
			files = (
			);
			runOnlyForDeploymentPostprocessing = 0;
		};
		DEB6DE3F2906BA8600205423 /* Frameworks */ = {
			isa = PBXFrameworksBuildPhase;
			buildActionMask = 2147483647;
			files = (
			);
			runOnlyForDeploymentPostprocessing = 0;
		};
/* End PBXFrameworksBuildPhase section */

/* Begin PBXGroup section */
		DEB6DE162906BA8500205423 = {
			isa = PBXGroup;
			children = (
				DEB6DE212906BA8500205423 /* collections */,
				DEB6DE3B2906BA8600205423 /* collectionsTests */,
				DEB6DE452906BA8600205423 /* collectionsUITests */,
				DEB6DE202906BA8500205423 /* Products */,
			);
			sourceTree = "<group>";
		};
		DEB6DE202906BA8500205423 /* Products */ = {
			isa = PBXGroup;
			children = (
				DEB6DE1F2906BA8500205423 /* collections.app */,
				DEB6DE382906BA8600205423 /* collectionsTests.xctest */,
				DEB6DE422906BA8600205423 /* collectionsUITests.xctest */,
			);
			name = Products;
			sourceTree = "<group>";
		};
		DEB6DE212906BA8500205423 /* collections */ = {
			isa = PBXGroup;
			children = (
				DEB6DE222906BA8500205423 /* AppDelegate.swift */,
				DEB6DE242906BA8500205423 /* SceneDelegate.swift */,
				DEB6DE262906BA8500205423 /* ViewController.swift */,
				DEB6DE282906BA8500205423 /* Main.storyboard */,
				DEB6DE2E2906BA8600205423 /* Assets.xcassets */,
				DEB6DE302906BA8600205423 /* LaunchScreen.storyboard */,
				DEB6DE332906BA8600205423 /* Info.plist */,
				DEB6DE2B2906BA8500205423 /* collections.xcdatamodeld */,
			);
			path = collections;
			sourceTree = "<group>";
		};
		DEB6DE3B2906BA8600205423 /* collectionsTests */ = {
			isa = PBXGroup;
			children = (
				DEB6DE3C2906BA8600205423 /* collectionsTests.swift */,
			);
			path = collectionsTests;
			sourceTree = "<group>";
		};
		DEB6DE452906BA8600205423 /* collectionsUITests */ = {
			isa = PBXGroup;
			children = (
				DEB6DE462906BA8600205423 /* collectionsUITests.swift */,
				DEB6DE482906BA8600205423 /* collectionsUITestsLaunchTests.swift */,
			);
			path = collectionsUITests;
			sourceTree = "<group>";
		};
/* End PBXGroup section */

/* Begin PBXNativeTarget section */
		DEB6DE1E2906BA8500205423 /* collections */ = {
			isa = PBXNativeTarget;
			buildConfigurationList = DEB6DE4C2906BA8600205423 /* Build configuration list for PBXNativeTarget "collections" */;
			buildPhases = (
				DEB6DE1B2906BA8500205423 /* Sources */,
				DEB6DE1C2906BA8500205423 /* Frameworks */,
				DEB6DE1D2906BA8500205423 /* Resources */,
			);
			buildRules = (
			);
			dependencies = (
			);
			name = collections;
			productName = collections;
			productReference = DEB6DE1F2906BA8500205423 /* collections.app */;
			productType = "com.apple.product-type.application";
		};
		DEB6DE372906BA8600205423 /* collectionsTests */ = {
			isa = PBXNativeTarget;
			buildConfigurationList = DEB6DE4F2906BA8600205423 /* Build configuration list for PBXNativeTarget "collectionsTests" */;
			buildPhases = (
				DEB6DE342906BA8600205423 /* Sources */,
				DEB6DE352906BA8600205423 /* Frameworks */,
				DEB6DE362906BA8600205423 /* Resources */,
			);
			buildRules = (
			);
			dependencies = (
				DEB6DE3A2906BA8600205423 /* PBXTargetDependency */,
			);
			name = collectionsTests;
			productName = collectionsTests;
			productReference = DEB6DE382906BA8600205423 /* collectionsTests.xctest */;
			productType = "com.apple.product-type.bundle.unit-test";
		};
		DEB6DE412906BA8600205423 /* collectionsUITests */ = {
			isa = PBXNativeTarget;
			buildConfigurationList = DEB6DE522906BA8600205423 /* Build configuration list for PBXNativeTarget "collectionsUITests" */;
			buildPhases = (
				DEB6DE3E2906BA8600205423 /* Sources */,
				DEB6DE3F2906BA8600205423 /* Frameworks */,
				DEB6DE402906BA8600205423 /* Resources */,
			);
			buildRules = (
			);
			dependencies = (
				DEB6DE442906BA8600205423 /* PBXTargetDependency */,
			);
			name = collectionsUITests;
			productName = collectionsUITests;
			productReference = DEB6DE422906BA8600205423 /* collectionsUITests.xctest */;
			productType = "com.apple.product-type.bundle.ui-testing";
		};
/* End PBXNativeTarget section */

/* Begin PBXProject section */
		DEB6DE172906BA8500205423 /* Project object */ = {
			isa = PBXProject;
			attributes = {
				BuildIndependentTargetsInParallel = 1;
				LastSwiftUpdateCheck = 1400;
				LastUpgradeCheck = 1400;
				TargetAttributes = {
					DEB6DE1E2906BA8500205423 = {
						CreatedOnToolsVersion = 14.0.1;
					};
					DEB6DE372906BA8600205423 = {
						CreatedOnToolsVersion = 14.0.1;
						TestTargetID = DEB6DE1E2906BA8500205423;
					};
					DEB6DE412906BA8600205423 = {
						CreatedOnToolsVersion = 14.0.1;
						TestTargetID = DEB6DE1E2906BA8500205423;
					};
				};
			};
			buildConfigurationList = DEB6DE1A2906BA8500205423 /* Build configuration list for PBXProject "collections" */;
			compatibilityVersion = "Xcode 14.0";
			developmentRegion = en;
			hasScannedForEncodings = 0;
			knownRegions = (
				en,
				Base,
			);
			mainGroup = DEB6DE162906BA8500205423;
			productRefGroup = DEB6DE202906BA8500205423 /* Products */;
			projectDirPath = "";
			projectRoot = "";
			targets = (
				DEB6DE1E2906BA8500205423 /* collections */,
				DEB6DE372906BA8600205423 /* collectionsTests */,
				DEB6DE412906BA8600205423 /* collectionsUITests */,
			);
		};
/* End PBXProject section */

/* Begin PBXResourcesBuildPhase section */
		DEB6DE1D2906BA8500205423 /* Resources */ = {
			isa = PBXResourcesBuildPhase;
			buildActionMask = 2147483647;
			files = (
				DEB6DE322906BA8600205423 /* LaunchScreen.storyboard in Resources */,
				DEB6DE2F2906BA8600205423 /* Assets.xcassets in Resources */,
				DEB6DE2A2906BA8500205423 /* Main.storyboard in Resources */,
			);
			runOnlyForDeploymentPostprocessing = 0;
		};
		DEB6DE362906BA8600205423 /* Resources */ = {
			isa = PBXResourcesBuildPhase;
			buildActionMask = 2147483647;
			files = (
			);
			runOnlyForDeploymentPostprocessing = 0;
		};
		DEB6DE402906BA8600205423 /* Resources */ = {
			isa = PBXResourcesBuildPhase;
			buildActionMask = 2147483647;
			files = (
			);
			runOnlyForDeploymentPostprocessing = 0;
		};
/* End PBXResourcesBuildPhase section */

/* Begin PBXSourcesBuildPhase section */
		DEB6DE1B2906BA8500205423 /* Sources */ = {
			isa = PBXSourcesBuildPhase;
			buildActionMask = 2147483647;
			files = (
				DEB6DE272906BA8500205423 /* ViewController.swift in Sources */,
				DEB6DE232906BA8500205423 /* AppDelegate.swift in Sources */,
				DEB6DE252906BA8500205423 /* SceneDelegate.swift in Sources */,
				DEB6DE2D2906BA8500205423 /* collections.xcdatamodeld in Sources */,
			);
			runOnlyForDeploymentPostprocessing = 0;
		};
		DEB6DE342906BA8600205423 /* Sources */ = {
			isa = PBXSourcesBuildPhase;
			buildActionMask = 2147483647;
			files = (
				DEB6DE3D2906BA8600205423 /* collectionsTests.swift in Sources */,
			);
			runOnlyForDeploymentPostprocessing = 0;
		};
		DEB6DE3E2906BA8600205423 /* Sources */ = {
			isa = PBXSourcesBuildPhase;
			buildActionMask = 2147483647;
			files = (
				DEB6DE492906BA8600205423 /* collectionsUITestsLaunchTests.swift in Sources */,
				DEB6DE472906BA8600205423 /* collectionsUITests.swift in Sources */,
			);
			runOnlyForDeploymentPostprocessing = 0;
		};
/* End PBXSourcesBuildPhase section */

/* Begin PBXTargetDependency section */
		DEB6DE3A2906BA8600205423 /* PBXTargetDependency */ = {
			isa = PBXTargetDependency;
			target = DEB6DE1E2906BA8500205423 /* collections */;
			targetProxy = DEB6DE392906BA8600205423 /* PBXContainerItemProxy */;
		};
		DEB6DE442906BA8600205423 /* PBXTargetDependency */ = {
			isa = PBXTargetDependency;
			target = DEB6DE1E2906BA8500205423 /* collections */;
			targetProxy = DEB6DE432906BA8600205423 /* PBXContainerItemProxy */;
		};
/* End PBXTargetDependency section */

/* Begin PBXVariantGroup section */
		DEB6DE282906BA8500205423 /* Main.storyboard */ = {
			isa = PBXVariantGroup;
			children = (
				DEB6DE292906BA8500205423 /* Base */,
			);
			name = Main.storyboard;
			sourceTree = "<group>";
		};
		DEB6DE302906BA8600205423 /* LaunchScreen.storyboard */ = {
			isa = PBXVariantGroup;
			children = (
				DEB6DE312906BA8600205423 /* Base */,
			);
			name = LaunchScreen.storyboard;
			sourceTree = "<group>";
		};
/* End PBXVariantGroup section */

/* Begin XCBuildConfiguration section */
		DEB6DE4A2906BA8600205423 /* Debug */ = {
			isa = XCBuildConfiguration;
			buildSettings = {
				ALWAYS_SEARCH_USER_PATHS = NO;
				CLANG_ANALYZER_NONNULL = YES;
				CLANG_ANALYZER_NUMBER_OBJECT_CONVERSION = YES_AGGRESSIVE;
				CLANG_CXX_LANGUAGE_STANDARD = "gnu++20";
				CLANG_ENABLE_MODULES = YES;
				CLANG_ENABLE_OBJC_ARC = YES;
				CLANG_ENABLE_OBJC_WEAK = YES;
				CLANG_WARN_BLOCK_CAPTURE_AUTORELEASING = YES;
				CLANG_WARN_BOOL_CONVERSION = YES;
				CLANG_WARN_COMMA = YES;
				CLANG_WARN_CONSTANT_CONVERSION = YES;
				CLANG_WARN_DEPRECATED_OBJC_IMPLEMENTATIONS = YES;
				CLANG_WARN_DIRECT_OBJC_ISA_USAGE = YES_ERROR;
				CLANG_WARN_DOCUMENTATION_COMMENTS = YES;
				CLANG_WARN_EMPTY_BODY = YES;
				CLANG_WARN_ENUM_CONVERSION = YES;
				CLANG_WARN_INFINITE_RECURSION = YES;
				CLANG_WARN_INT_CONVERSION = YES;
				CLANG_WARN_NON_LITERAL_NULL_CONVERSION = YES;
				CLANG_WARN_OBJC_IMPLICIT_RETAIN_SELF = YES;
				CLANG_WARN_OBJC_LITERAL_CONVERSION = YES;
				CLANG_WARN_OBJC_ROOT_CLASS = YES_ERROR;
				CLANG_WARN_QUOTED_INCLUDE_IN_FRAMEWORK_HEADER = YES;
				CLANG_WARN_RANGE_LOOP_ANALYSIS = YES;
				CLANG_WARN_STRICT_PROTOTYPES = YES;
				CLANG_WARN_SUSPICIOUS_MOVE = YES;
				CLANG_WARN_UNGUARDED_AVAILABILITY = YES_AGGRESSIVE;
				CLANG_WARN_UNREACHABLE_CODE = YES;
				CLANG_WARN__DUPLICATE_METHOD_MATCH = YES;
				COPY_PHASE_STRIP = NO;
				DEBUG_INFORMATION_FORMAT = dwarf;
				ENABLE_STRICT_OBJC_MSGSEND = YES;
				ENABLE_TESTABILITY = YES;
				GCC_C_LANGUAGE_STANDARD = gnu11;
				GCC_DYNAMIC_NO_PIC = NO;
				GCC_NO_COMMON_BLOCKS = YES;
				GCC_OPTIMIZATION_LEVEL = 0;
				GCC_PREPROCESSOR_DEFINITIONS = (
					"DEBUG=1",
					"$(inherited)",
				);
				GCC_WARN_64_TO_32_BIT_CONVERSION = YES;
				GCC_WARN_ABOUT_RETURN_TYPE = YES_ERROR;
				GCC_WARN_UNDECLARED_SELECTOR = YES;
				GCC_WARN_UNINITIALIZED_AUTOS = YES_AGGRESSIVE;
				GCC_WARN_UNUSED_FUNCTION = YES;
				GCC_WARN_UNUSED_VARIABLE = YES;
				IPHONEOS_DEPLOYMENT_TARGET = 16.0;
				MTL_ENABLE_DEBUG_INFO = INCLUDE_SOURCE;
				MTL_FAST_MATH = YES;
				ONLY_ACTIVE_ARCH = YES;
				SDKROOT = iphoneos;
				SWIFT_ACTIVE_COMPILATION_CONDITIONS = DEBUG;
				SWIFT_OPTIMIZATION_LEVEL = "-Onone";
			};
			name = Debug;
		};
		DEB6DE4B2906BA8600205423 /* Release */ = {
			isa = XCBuildConfiguration;
			buildSettings = {
				ALWAYS_SEARCH_USER_PATHS = NO;
				CLANG_ANALYZER_NONNULL = YES;
				CLANG_ANALYZER_NUMBER_OBJECT_CONVERSION = YES_AGGRESSIVE;
				CLANG_CXX_LANGUAGE_STANDARD = "gnu++20";
				CLANG_ENABLE_MODULES = YES;
				CLANG_ENABLE_OBJC_ARC = YES;
				CLANG_ENABLE_OBJC_WEAK = YES;
				CLANG_WARN_BLOCK_CAPTURE_AUTORELEASING = YES;
				CLANG_WARN_BOOL_CONVERSION = YES;
				CLANG_WARN_COMMA = YES;
				CLANG_WARN_CONSTANT_CONVERSION = YES;
				CLANG_WARN_DEPRECATED_OBJC_IMPLEMENTATIONS = YES;
				CLANG_WARN_DIRECT_OBJC_ISA_USAGE = YES_ERROR;
				CLANG_WARN_DOCUMENTATION_COMMENTS = YES;
				CLANG_WARN_EMPTY_BODY = YES;
				CLANG_WARN_ENUM_CONVERSION = YES;
				CLANG_WARN_INFINITE_RECURSION = YES;
				CLANG_WARN_INT_CONVERSION = YES;
				CLANG_WARN_NON_LITERAL_NULL_CONVERSION = YES;
				CLANG_WARN_OBJC_IMPLICIT_RETAIN_SELF = YES;
				CLANG_WARN_OBJC_LITERAL_CONVERSION = YES;
				CLANG_WARN_OBJC_ROOT_CLASS = YES_ERROR;
				CLANG_WARN_QUOTED_INCLUDE_IN_FRAMEWORK_HEADER = YES;
				CLANG_WARN_RANGE_LOOP_ANALYSIS = YES;
				CLANG_WARN_STRICT_PROTOTYPES = YES;
				CLANG_WARN_SUSPICIOUS_MOVE = YES;
				CLANG_WARN_UNGUARDED_AVAILABILITY = YES_AGGRESSIVE;
				CLANG_WARN_UNREACHABLE_CODE = YES;
				CLANG_WARN__DUPLICATE_METHOD_MATCH = YES;
				COPY_PHASE_STRIP = NO;
				DEBUG_INFORMATION_FORMAT = "dwarf-with-dsym";
				ENABLE_NS_ASSERTIONS = NO;
				ENABLE_STRICT_OBJC_MSGSEND = YES;
				GCC_C_LANGUAGE_STANDARD = gnu11;
				GCC_NO_COMMON_BLOCKS = YES;
				GCC_WARN_64_TO_32_BIT_CONVERSION = YES;
				GCC_WARN_ABOUT_RETURN_TYPE = YES_ERROR;
				GCC_WARN_UNDECLARED_SELECTOR = YES;
				GCC_WARN_UNINITIALIZED_AUTOS = YES_AGGRESSIVE;
				GCC_WARN_UNUSED_FUNCTION = YES;
				GCC_WARN_UNUSED_VARIABLE = YES;
				IPHONEOS_DEPLOYMENT_TARGET = 16.0;
				MTL_ENABLE_DEBUG_INFO = NO;
				MTL_FAST_MATH = YES;
				SDKROOT = iphoneos;
				SWIFT_COMPILATION_MODE = wholemodule;
				SWIFT_OPTIMIZATION_LEVEL = "-O";
				VALIDATE_PRODUCT = YES;
			};
			name = Release;
		};
		DEB6DE4D2906BA8600205423 /* Debug */ = {
			isa = XCBuildConfiguration;
			buildSettings = {
				ASSETCATALOG_COMPILER_APPICON_NAME = AppIcon;
				ASSETCATALOG_COMPILER_GLOBAL_ACCENT_COLOR_NAME = AccentColor;
				CODE_SIGN_STYLE = Automatic;
				CURRENT_PROJECT_VERSION = 1;
				GENERATE_INFOPLIST_FILE = YES;
				INFOPLIST_FILE = collections/Info.plist;
				INFOPLIST_KEY_UIApplicationSupportsIndirectInputEvents = YES;
				INFOPLIST_KEY_UILaunchStoryboardName = LaunchScreen;
				INFOPLIST_KEY_UIMainStoryboardFile = Main;
				INFOPLIST_KEY_UISupportedInterfaceOrientations_iPad = "UIInterfaceOrientationPortrait UIInterfaceOrientationPortraitUpsideDown UIInterfaceOrientationLandscapeLeft UIInterfaceOrientationLandscapeRight";
				INFOPLIST_KEY_UISupportedInterfaceOrientations_iPhone = "UIInterfaceOrientationPortrait UIInterfaceOrientationLandscapeLeft UIInterfaceOrientationLandscapeRight";
				LD_RUNPATH_SEARCH_PATHS = (
					"$(inherited)",
					"@executable_path/Frameworks",
				);
				MARKETING_VERSION = 1.0;
				PRODUCT_BUNDLE_IDENTIFIER = swcsd.us.collections;
				PRODUCT_NAME = "$(TARGET_NAME)";
				SWIFT_EMIT_LOC_STRINGS = YES;
				SWIFT_VERSION = 5.0;
				TARGETED_DEVICE_FAMILY = "1,2";
			};
			name = Debug;
		};
		DEB6DE4E2906BA8600205423 /* Release */ = {
			isa = XCBuildConfiguration;
			buildSettings = {
				ASSETCATALOG_COMPILER_APPICON_NAME = AppIcon;
				ASSETCATALOG_COMPILER_GLOBAL_ACCENT_COLOR_NAME = AccentColor;
				CODE_SIGN_STYLE = Automatic;
				CURRENT_PROJECT_VERSION = 1;
				GENERATE_INFOPLIST_FILE = YES;
				INFOPLIST_FILE = collections/Info.plist;
				INFOPLIST_KEY_UIApplicationSupportsIndirectInputEvents = YES;
				INFOPLIST_KEY_UILaunchStoryboardName = LaunchScreen;
				INFOPLIST_KEY_UIMainStoryboardFile = Main;
				INFOPLIST_KEY_UISupportedInterfaceOrientations_iPad = "UIInterfaceOrientationPortrait UIInterfaceOrientationPortraitUpsideDown UIInterfaceOrientationLandscapeLeft UIInterfaceOrientationLandscapeRight";
				INFOPLIST_KEY_UISupportedInterfaceOrientations_iPhone = "UIInterfaceOrientationPortrait UIInterfaceOrientationLandscapeLeft UIInterfaceOrientationLandscapeRight";
				LD_RUNPATH_SEARCH_PATHS = (
					"$(inherited)",
					"@executable_path/Frameworks",
				);
				MARKETING_VERSION = 1.0;
				PRODUCT_BUNDLE_IDENTIFIER = swcsd.us.collections;
				PRODUCT_NAME = "$(TARGET_NAME)";
				SWIFT_EMIT_LOC_STRINGS = YES;
				SWIFT_VERSION = 5.0;
				TARGETED_DEVICE_FAMILY = "1,2";
			};
			name = Release;
		};
		DEB6DE502906BA8600205423 /* Debug */ = {
			isa = XCBuildConfiguration;
			buildSettings = {
				ALWAYS_EMBED_SWIFT_STANDARD_LIBRARIES = YES;
				BUNDLE_LOADER = "$(TEST_HOST)";
				CODE_SIGN_STYLE = Automatic;
				CURRENT_PROJECT_VERSION = 1;
				GENERATE_INFOPLIST_FILE = YES;
				IPHONEOS_DEPLOYMENT_TARGET = 16.0;
				MARKETING_VERSION = 1.0;
				PRODUCT_BUNDLE_IDENTIFIER = swcsd.us.collectionsTests;
				PRODUCT_NAME = "$(TARGET_NAME)";
				SWIFT_EMIT_LOC_STRINGS = NO;
				SWIFT_VERSION = 5.0;
				TARGETED_DEVICE_FAMILY = "1,2";
				TEST_HOST = "$(BUILT_PRODUCTS_DIR)/collections.app/$(BUNDLE_EXECUTABLE_FOLDER_PATH)/collections";
			};
			name = Debug;
		};
		DEB6DE512906BA8600205423 /* Release */ = {
			isa = XCBuildConfiguration;
			buildSettings = {
				ALWAYS_EMBED_SWIFT_STANDARD_LIBRARIES = YES;
				BUNDLE_LOADER = "$(TEST_HOST)";
				CODE_SIGN_STYLE = Automatic;
				CURRENT_PROJECT_VERSION = 1;
				GENERATE_INFOPLIST_FILE = YES;
				IPHONEOS_DEPLOYMENT_TARGET = 16.0;
				MARKETING_VERSION = 1.0;
				PRODUCT_BUNDLE_IDENTIFIER = swcsd.us.collectionsTests;
				PRODUCT_NAME = "$(TARGET_NAME)";
				SWIFT_EMIT_LOC_STRINGS = NO;
				SWIFT_VERSION = 5.0;
				TARGETED_DEVICE_FAMILY = "1,2";
				TEST_HOST = "$(BUILT_PRODUCTS_DIR)/collections.app/$(BUNDLE_EXECUTABLE_FOLDER_PATH)/collections";
			};
			name = Release;
		};
		DEB6DE532906BA8600205423 /* Debug */ = {
			isa = XCBuildConfiguration;
			buildSettings = {
				ALWAYS_EMBED_SWIFT_STANDARD_LIBRARIES = YES;
				CODE_SIGN_STYLE = Automatic;
				CURRENT_PROJECT_VERSION = 1;
				GENERATE_INFOPLIST_FILE = YES;
				MARKETING_VERSION = 1.0;
				PRODUCT_BUNDLE_IDENTIFIER = swcsd.us.collectionsUITests;
				PRODUCT_NAME = "$(TARGET_NAME)";
				SWIFT_EMIT_LOC_STRINGS = NO;
				SWIFT_VERSION = 5.0;
				TARGETED_DEVICE_FAMILY = "1,2";
				TEST_TARGET_NAME = collections;
			};
			name = Debug;
		};
		DEB6DE542906BA8600205423 /* Release */ = {
			isa = XCBuildConfiguration;
			buildSettings = {
				ALWAYS_EMBED_SWIFT_STANDARD_LIBRARIES = YES;
				CODE_SIGN_STYLE = Automatic;
				CURRENT_PROJECT_VERSION = 1;
				GENERATE_INFOPLIST_FILE = YES;
				MARKETING_VERSION = 1.0;
				PRODUCT_BUNDLE_IDENTIFIER = swcsd.us.collectionsUITests;
				PRODUCT_NAME = "$(TARGET_NAME)";
				SWIFT_EMIT_LOC_STRINGS = NO;
				SWIFT_VERSION = 5.0;
				TARGETED_DEVICE_FAMILY = "1,2";
				TEST_TARGET_NAME = collections;
			};
			name = Release;
		};
/* End XCBuildConfiguration section */

/* Begin XCConfigurationList section */
		DEB6DE1A2906BA8500205423 /* Build configuration list for PBXProject "collections" */ = {
			isa = XCConfigurationList;
			buildConfigurations = (
				DEB6DE4A2906BA8600205423 /* Debug */,
				DEB6DE4B2906BA8600205423 /* Release */,
			);
			defaultConfigurationIsVisible = 0;
			defaultConfigurationName = Release;
		};
		DEB6DE4C2906BA8600205423 /* Build configuration list for PBXNativeTarget "collections" */ = {
			isa = XCConfigurationList;
			buildConfigurations = (
				DEB6DE4D2906BA8600205423 /* Debug */,
				DEB6DE4E2906BA8600205423 /* Release */,
			);
			defaultConfigurationIsVisible = 0;
			defaultConfigurationName = Release;
		};
		DEB6DE4F2906BA8600205423 /* Build configuration list for PBXNativeTarget "collectionsTests" */ = {
			isa = XCConfigurationList;
			buildConfigurations = (
				DEB6DE502906BA8600205423 /* Debug */,
				DEB6DE512906BA8600205423 /* Release */,
			);
			defaultConfigurationIsVisible = 0;
			defaultConfigurationName = Release;
		};
		DEB6DE522906BA8600205423 /* Build configuration list for PBXNativeTarget "collectionsUITests" */ = {
			isa = XCConfigurationList;
			buildConfigurations = (
				DEB6DE532906BA8600205423 /* Debug */,
				DEB6DE542906BA8600205423 /* Release */,
			);
			defaultConfigurationIsVisible = 0;
			defaultConfigurationName = Release;
		};
/* End XCConfigurationList section */

/* Begin XCVersionGroup section */
		DEB6DE2B2906BA8500205423 /* collections.xcdatamodeld */ = {
			isa = XCVersionGroup;
			children = (
				DEB6DE2C2906BA8500205423 /* collections.xcdatamodel */,
			);
			currentVersion = DEB6DE2C2906BA8500205423 /* collections.xcdatamodel */;
			path = collections.xcdatamodeld;
			sourceTree = "<group>";
			versionGroupType = wrapper.xcdatamodel;
		};
/* End XCVersionGroup section */
	};
	rootObject = DEB6DE172906BA8500205423 /* Project object */;
}
