// !$*UTF8*$!
{
	archiveVersion = 1;
	classes = {
	};
	objectVersion = 56;
	objects = {

/* Begin PBXBuildFile section */
		DEE8E06F290EDDBE00FBA22A /* AppDelegate.swift in Sources */ = {isa = PBXBuildFile; fileRef = DEE8E06E290EDDBE00FBA22A /* AppDelegate.swift */; };
		DEE8E071290EDDBE00FBA22A /* SceneDelegate.swift in Sources */ = {isa = PBXBuildFile; fileRef = DEE8E070290EDDBE00FBA22A /* SceneDelegate.swift */; };
		DEE8E073290EDDBE00FBA22A /* ViewController.swift in Sources */ = {isa = PBXBuildFile; fileRef = DEE8E072290EDDBE00FBA22A /* ViewController.swift */; };
		DEE8E076290EDDBE00FBA22A /* Main.storyboard in Resources */ = {isa = PBXBuildFile; fileRef = DEE8E074290EDDBE00FBA22A /* Main.storyboard */; };
		DEE8E079290EDDBE00FBA22A /* TestGame.xcdatamodeld in Sources */ = {isa = PBXBuildFile; fileRef = DEE8E077290EDDBE00FBA22A /* TestGame.xcdatamodeld */; };
		DEE8E07B290EDDBF00FBA22A /* Assets.xcassets in Resources */ = {isa = PBXBuildFile; fileRef = DEE8E07A290EDDBF00FBA22A /* Assets.xcassets */; };
		DEE8E07E290EDDBF00FBA22A /* LaunchScreen.storyboard in Resources */ = {isa = PBXBuildFile; fileRef = DEE8E07C290EDDBF00FBA22A /* LaunchScreen.storyboard */; };
		DEE8E089290EDDBF00FBA22A /* TestGameTests.swift in Sources */ = {isa = PBXBuildFile; fileRef = DEE8E088290EDDBF00FBA22A /* TestGameTests.swift */; };
		DEE8E093290EDDBF00FBA22A /* TestGameUITests.swift in Sources */ = {isa = PBXBuildFile; fileRef = DEE8E092290EDDBF00FBA22A /* TestGameUITests.swift */; };
		DEE8E095290EDDBF00FBA22A /* TestGameUITestsLaunchTests.swift in Sources */ = {isa = PBXBuildFile; fileRef = DEE8E094290EDDBF00FBA22A /* TestGameUITestsLaunchTests.swift */; };
/* End PBXBuildFile section */

/* Begin PBXContainerItemProxy section */
		DEE8E085290EDDBF00FBA22A /* PBXContainerItemProxy */ = {
			isa = PBXContainerItemProxy;
			containerPortal = DEE8E063290EDDBE00FBA22A /* Project object */;
			proxyType = 1;
			remoteGlobalIDString = DEE8E06A290EDDBE00FBA22A;
			remoteInfo = TestGame;
		};
		DEE8E08F290EDDBF00FBA22A /* PBXContainerItemProxy */ = {
			isa = PBXContainerItemProxy;
			containerPortal = DEE8E063290EDDBE00FBA22A /* Project object */;
			proxyType = 1;
			remoteGlobalIDString = DEE8E06A290EDDBE00FBA22A;
			remoteInfo = TestGame;
		};
/* End PBXContainerItemProxy section */

/* Begin PBXFileReference section */
		DEE8E06B290EDDBE00FBA22A /* TestGame.app */ = {isa = PBXFileReference; explicitFileType = wrapper.application; includeInIndex = 0; path = TestGame.app; sourceTree = BUILT_PRODUCTS_DIR; };
		DEE8E06E290EDDBE00FBA22A /* AppDelegate.swift */ = {isa = PBXFileReference; lastKnownFileType = sourcecode.swift; path = AppDelegate.swift; sourceTree = "<group>"; };
		DEE8E070290EDDBE00FBA22A /* SceneDelegate.swift */ = {isa = PBXFileReference; lastKnownFileType = sourcecode.swift; path = SceneDelegate.swift; sourceTree = "<group>"; };
		DEE8E072290EDDBE00FBA22A /* ViewController.swift */ = {isa = PBXFileReference; lastKnownFileType = sourcecode.swift; path = ViewController.swift; sourceTree = "<group>"; };
		DEE8E075290EDDBE00FBA22A /* Base */ = {isa = PBXFileReference; lastKnownFileType = file.storyboard; name = Base; path = Base.lproj/Main.storyboard; sourceTree = "<group>"; };
		DEE8E078290EDDBE00FBA22A /* TestGame.xcdatamodel */ = {isa = PBXFileReference; lastKnownFileType = wrapper.xcdatamodel; path = TestGame.xcdatamodel; sourceTree = "<group>"; };
		DEE8E07A290EDDBF00FBA22A /* Assets.xcassets */ = {isa = PBXFileReference; lastKnownFileType = folder.assetcatalog; path = Assets.xcassets; sourceTree = "<group>"; };
		DEE8E07D290EDDBF00FBA22A /* Base */ = {isa = PBXFileReference; lastKnownFileType = file.storyboard; name = Base; path = Base.lproj/LaunchScreen.storyboard; sourceTree = "<group>"; };
		DEE8E07F290EDDBF00FBA22A /* Info.plist */ = {isa = PBXFileReference; lastKnownFileType = text.plist.xml; path = Info.plist; sourceTree = "<group>"; };
		DEE8E084290EDDBF00FBA22A /* TestGameTests.xctest */ = {isa = PBXFileReference; explicitFileType = wrapper.cfbundle; includeInIndex = 0; path = TestGameTests.xctest; sourceTree = BUILT_PRODUCTS_DIR; };
		DEE8E088290EDDBF00FBA22A /* TestGameTests.swift */ = {isa = PBXFileReference; lastKnownFileType = sourcecode.swift; path = TestGameTests.swift; sourceTree = "<group>"; };
		DEE8E08E290EDDBF00FBA22A /* TestGameUITests.xctest */ = {isa = PBXFileReference; explicitFileType = wrapper.cfbundle; includeInIndex = 0; path = TestGameUITests.xctest; sourceTree = BUILT_PRODUCTS_DIR; };
		DEE8E092290EDDBF00FBA22A /* TestGameUITests.swift */ = {isa = PBXFileReference; lastKnownFileType = sourcecode.swift; path = TestGameUITests.swift; sourceTree = "<group>"; };
		DEE8E094290EDDBF00FBA22A /* TestGameUITestsLaunchTests.swift */ = {isa = PBXFileReference; lastKnownFileType = sourcecode.swift; path = TestGameUITestsLaunchTests.swift; sourceTree = "<group>"; };
/* End PBXFileReference section */

/* Begin PBXFrameworksBuildPhase section */
		DEE8E068290EDDBE00FBA22A /* Frameworks */ = {
			isa = PBXFrameworksBuildPhase;
			buildActionMask = 2147483647;
			files = (
			);
			runOnlyForDeploymentPostprocessing = 0;
		};
		DEE8E081290EDDBF00FBA22A /* Frameworks */ = {
			isa = PBXFrameworksBuildPhase;
			buildActionMask = 2147483647;
			files = (
			);
			runOnlyForDeploymentPostprocessing = 0;
		};
		DEE8E08B290EDDBF00FBA22A /* Frameworks */ = {
			isa = PBXFrameworksBuildPhase;
			buildActionMask = 2147483647;
			files = (
			);
			runOnlyForDeploymentPostprocessing = 0;
		};
/* End PBXFrameworksBuildPhase section */

/* Begin PBXGroup section */
		DEE8E062290EDDBE00FBA22A = {
			isa = PBXGroup;
			children = (
				DEE8E06D290EDDBE00FBA22A /* TestGame */,
				DEE8E087290EDDBF00FBA22A /* TestGameTests */,
				DEE8E091290EDDBF00FBA22A /* TestGameUITests */,
				DEE8E06C290EDDBE00FBA22A /* Products */,
			);
			sourceTree = "<group>";
		};
		DEE8E06C290EDDBE00FBA22A /* Products */ = {
			isa = PBXGroup;
			children = (
				DEE8E06B290EDDBE00FBA22A /* TestGame.app */,
				DEE8E084290EDDBF00FBA22A /* TestGameTests.xctest */,
				DEE8E08E290EDDBF00FBA22A /* TestGameUITests.xctest */,
			);
			name = Products;
			sourceTree = "<group>";
		};
		DEE8E06D290EDDBE00FBA22A /* TestGame */ = {
			isa = PBXGroup;
			children = (
				DEE8E06E290EDDBE00FBA22A /* AppDelegate.swift */,
				DEE8E070290EDDBE00FBA22A /* SceneDelegate.swift */,
				DEE8E072290EDDBE00FBA22A /* ViewController.swift */,
				DEE8E074290EDDBE00FBA22A /* Main.storyboard */,
				DEE8E07A290EDDBF00FBA22A /* Assets.xcassets */,
				DEE8E07C290EDDBF00FBA22A /* LaunchScreen.storyboard */,
				DEE8E07F290EDDBF00FBA22A /* Info.plist */,
				DEE8E077290EDDBE00FBA22A /* TestGame.xcdatamodeld */,
			);
			path = TestGame;
			sourceTree = "<group>";
		};
		DEE8E087290EDDBF00FBA22A /* TestGameTests */ = {
			isa = PBXGroup;
			children = (
				DEE8E088290EDDBF00FBA22A /* TestGameTests.swift */,
			);
			path = TestGameTests;
			sourceTree = "<group>";
		};
		DEE8E091290EDDBF00FBA22A /* TestGameUITests */ = {
			isa = PBXGroup;
			children = (
				DEE8E092290EDDBF00FBA22A /* TestGameUITests.swift */,
				DEE8E094290EDDBF00FBA22A /* TestGameUITestsLaunchTests.swift */,
			);
			path = TestGameUITests;
			sourceTree = "<group>";
		};
/* End PBXGroup section */

/* Begin PBXNativeTarget section */
		DEE8E06A290EDDBE00FBA22A /* TestGame */ = {
			isa = PBXNativeTarget;
			buildConfigurationList = DEE8E098290EDDBF00FBA22A /* Build configuration list for PBXNativeTarget "TestGame" */;
			buildPhases = (
				DEE8E067290EDDBE00FBA22A /* Sources */,
				DEE8E068290EDDBE00FBA22A /* Frameworks */,
				DEE8E069290EDDBE00FBA22A /* Resources */,
			);
			buildRules = (
			);
			dependencies = (
			);
			name = TestGame;
			productName = TestGame;
			productReference = DEE8E06B290EDDBE00FBA22A /* TestGame.app */;
			productType = "com.apple.product-type.application";
		};
		DEE8E083290EDDBF00FBA22A /* TestGameTests */ = {
			isa = PBXNativeTarget;
			buildConfigurationList = DEE8E09B290EDDBF00FBA22A /* Build configuration list for PBXNativeTarget "TestGameTests" */;
			buildPhases = (
				DEE8E080290EDDBF00FBA22A /* Sources */,
				DEE8E081290EDDBF00FBA22A /* Frameworks */,
				DEE8E082290EDDBF00FBA22A /* Resources */,
			);
			buildRules = (
			);
			dependencies = (
				DEE8E086290EDDBF00FBA22A /* PBXTargetDependency */,
			);
			name = TestGameTests;
			productName = TestGameTests;
			productReference = DEE8E084290EDDBF00FBA22A /* TestGameTests.xctest */;
			productType = "com.apple.product-type.bundle.unit-test";
		};
		DEE8E08D290EDDBF00FBA22A /* TestGameUITests */ = {
			isa = PBXNativeTarget;
			buildConfigurationList = DEE8E09E290EDDBF00FBA22A /* Build configuration list for PBXNativeTarget "TestGameUITests" */;
			buildPhases = (
				DEE8E08A290EDDBF00FBA22A /* Sources */,
				DEE8E08B290EDDBF00FBA22A /* Frameworks */,
				DEE8E08C290EDDBF00FBA22A /* Resources */,
			);
			buildRules = (
			);
			dependencies = (
				DEE8E090290EDDBF00FBA22A /* PBXTargetDependency */,
			);
			name = TestGameUITests;
			productName = TestGameUITests;
			productReference = DEE8E08E290EDDBF00FBA22A /* TestGameUITests.xctest */;
			productType = "com.apple.product-type.bundle.ui-testing";
		};
/* End PBXNativeTarget section */

/* Begin PBXProject section */
		DEE8E063290EDDBE00FBA22A /* Project object */ = {
			isa = PBXProject;
			attributes = {
				BuildIndependentTargetsInParallel = 1;
				LastSwiftUpdateCheck = 1400;
				LastUpgradeCheck = 1400;
				TargetAttributes = {
					DEE8E06A290EDDBE00FBA22A = {
						CreatedOnToolsVersion = 14.0.1;
					};
					DEE8E083290EDDBF00FBA22A = {
						CreatedOnToolsVersion = 14.0.1;
						TestTargetID = DEE8E06A290EDDBE00FBA22A;
					};
					DEE8E08D290EDDBF00FBA22A = {
						CreatedOnToolsVersion = 14.0.1;
						TestTargetID = DEE8E06A290EDDBE00FBA22A;
					};
				};
			};
			buildConfigurationList = DEE8E066290EDDBE00FBA22A /* Build configuration list for PBXProject "TestGame" */;
			compatibilityVersion = "Xcode 14.0";
			developmentRegion = en;
			hasScannedForEncodings = 0;
			knownRegions = (
				en,
				Base,
			);
			mainGroup = DEE8E062290EDDBE00FBA22A;
			productRefGroup = DEE8E06C290EDDBE00FBA22A /* Products */;
			projectDirPath = "";
			projectRoot = "";
			targets = (
				DEE8E06A290EDDBE00FBA22A /* TestGame */,
				DEE8E083290EDDBF00FBA22A /* TestGameTests */,
				DEE8E08D290EDDBF00FBA22A /* TestGameUITests */,
			);
		};
/* End PBXProject section */

/* Begin PBXResourcesBuildPhase section */
		DEE8E069290EDDBE00FBA22A /* Resources */ = {
			isa = PBXResourcesBuildPhase;
			buildActionMask = 2147483647;
			files = (
				DEE8E07E290EDDBF00FBA22A /* LaunchScreen.storyboard in Resources */,
				DEE8E07B290EDDBF00FBA22A /* Assets.xcassets in Resources */,
				DEE8E076290EDDBE00FBA22A /* Main.storyboard in Resources */,
			);
			runOnlyForDeploymentPostprocessing = 0;
		};
		DEE8E082290EDDBF00FBA22A /* Resources */ = {
			isa = PBXResourcesBuildPhase;
			buildActionMask = 2147483647;
			files = (
			);
			runOnlyForDeploymentPostprocessing = 0;
		};
		DEE8E08C290EDDBF00FBA22A /* Resources */ = {
			isa = PBXResourcesBuildPhase;
			buildActionMask = 2147483647;
			files = (
			);
			runOnlyForDeploymentPostprocessing = 0;
		};
/* End PBXResourcesBuildPhase section */

/* Begin PBXSourcesBuildPhase section */
		DEE8E067290EDDBE00FBA22A /* Sources */ = {
			isa = PBXSourcesBuildPhase;
			buildActionMask = 2147483647;
			files = (
				DEE8E073290EDDBE00FBA22A /* ViewController.swift in Sources */,
				DEE8E06F290EDDBE00FBA22A /* AppDelegate.swift in Sources */,
				DEE8E071290EDDBE00FBA22A /* SceneDelegate.swift in Sources */,
				DEE8E079290EDDBE00FBA22A /* TestGame.xcdatamodeld in Sources */,
			);
			runOnlyForDeploymentPostprocessing = 0;
		};
		DEE8E080290EDDBF00FBA22A /* Sources */ = {
			isa = PBXSourcesBuildPhase;
			buildActionMask = 2147483647;
			files = (
				DEE8E089290EDDBF00FBA22A /* TestGameTests.swift in Sources */,
			);
			runOnlyForDeploymentPostprocessing = 0;
		};
		DEE8E08A290EDDBF00FBA22A /* Sources */ = {
			isa = PBXSourcesBuildPhase;
			buildActionMask = 2147483647;
			files = (
				DEE8E095290EDDBF00FBA22A /* TestGameUITestsLaunchTests.swift in Sources */,
				DEE8E093290EDDBF00FBA22A /* TestGameUITests.swift in Sources */,
			);
			runOnlyForDeploymentPostprocessing = 0;
		};
/* End PBXSourcesBuildPhase section */

/* Begin PBXTargetDependency section */
		DEE8E086290EDDBF00FBA22A /* PBXTargetDependency */ = {
			isa = PBXTargetDependency;
			target = DEE8E06A290EDDBE00FBA22A /* TestGame */;
			targetProxy = DEE8E085290EDDBF00FBA22A /* PBXContainerItemProxy */;
		};
		DEE8E090290EDDBF00FBA22A /* PBXTargetDependency */ = {
			isa = PBXTargetDependency;
			target = DEE8E06A290EDDBE00FBA22A /* TestGame */;
			targetProxy = DEE8E08F290EDDBF00FBA22A /* PBXContainerItemProxy */;
		};
/* End PBXTargetDependency section */

/* Begin PBXVariantGroup section */
		DEE8E074290EDDBE00FBA22A /* Main.storyboard */ = {
			isa = PBXVariantGroup;
			children = (
				DEE8E075290EDDBE00FBA22A /* Base */,
			);
			name = Main.storyboard;
			sourceTree = "<group>";
		};
		DEE8E07C290EDDBF00FBA22A /* LaunchScreen.storyboard */ = {
			isa = PBXVariantGroup;
			children = (
				DEE8E07D290EDDBF00FBA22A /* Base */,
			);
			name = LaunchScreen.storyboard;
			sourceTree = "<group>";
		};
/* End PBXVariantGroup section */

/* Begin XCBuildConfiguration section */
		DEE8E096290EDDBF00FBA22A /* Debug */ = {
			isa = XCBuildConfiguration;
			buildSettings = {
				ALWAYS_SEARCH_USER_PATHS = NO;
				CLANG_ANALYZER_NONNULL = YES;
				CLANG_ANALYZER_NUMBER_OBJECT_CONVERSION = YES_AGGRESSIVE;
				CLANG_CXX_LANGUAGE_STANDARD = "gnu++20";
				CLANG_ENABLE_MODULES = YES;
				CLANG_ENABLE_OBJC_ARC = YES;
				CLANG_ENABLE_OBJC_WEAK = YES;
				CLANG_WARN_BLOCK_CAPTURE_AUTORELEASING = YES;
				CLANG_WARN_BOOL_CONVERSION = YES;
				CLANG_WARN_COMMA = YES;
				CLANG_WARN_CONSTANT_CONVERSION = YES;
				CLANG_WARN_DEPRECATED_OBJC_IMPLEMENTATIONS = YES;
				CLANG_WARN_DIRECT_OBJC_ISA_USAGE = YES_ERROR;
				CLANG_WARN_DOCUMENTATION_COMMENTS = YES;
				CLANG_WARN_EMPTY_BODY = YES;
				CLANG_WARN_ENUM_CONVERSION = YES;
				CLANG_WARN_INFINITE_RECURSION = YES;
				CLANG_WARN_INT_CONVERSION = YES;
				CLANG_WARN_NON_LITERAL_NULL_CONVERSION = YES;
				CLANG_WARN_OBJC_IMPLICIT_RETAIN_SELF = YES;
				CLANG_WARN_OBJC_LITERAL_CONVERSION = YES;
				CLANG_WARN_OBJC_ROOT_CLASS = YES_ERROR;
				CLANG_WARN_QUOTED_INCLUDE_IN_FRAMEWORK_HEADER = YES;
				CLANG_WARN_RANGE_LOOP_ANALYSIS = YES;
				CLANG_WARN_STRICT_PROTOTYPES = YES;
				CLANG_WARN_SUSPICIOUS_MOVE = YES;
				CLANG_WARN_UNGUARDED_AVAILABILITY = YES_AGGRESSIVE;
				CLANG_WARN_UNREACHABLE_CODE = YES;
				CLANG_WARN__DUPLICATE_METHOD_MATCH = YES;
				COPY_PHASE_STRIP = NO;
				DEBUG_INFORMATION_FORMAT = dwarf;
				ENABLE_STRICT_OBJC_MSGSEND = YES;
				ENABLE_TESTABILITY = YES;
				GCC_C_LANGUAGE_STANDARD = gnu11;
				GCC_DYNAMIC_NO_PIC = NO;
				GCC_NO_COMMON_BLOCKS = YES;
				GCC_OPTIMIZATION_LEVEL = 0;
				GCC_PREPROCESSOR_DEFINITIONS = (
					"DEBUG=1",
					"$(inherited)",
				);
				GCC_WARN_64_TO_32_BIT_CONVERSION = YES;
				GCC_WARN_ABOUT_RETURN_TYPE = YES_ERROR;
				GCC_WARN_UNDECLARED_SELECTOR = YES;
				GCC_WARN_UNINITIALIZED_AUTOS = YES_AGGRESSIVE;
				GCC_WARN_UNUSED_FUNCTION = YES;
				GCC_WARN_UNUSED_VARIABLE = YES;
				IPHONEOS_DEPLOYMENT_TARGET = 16.0;
				MTL_ENABLE_DEBUG_INFO = INCLUDE_SOURCE;
				MTL_FAST_MATH = YES;
				ONLY_ACTIVE_ARCH = YES;
				SDKROOT = iphoneos;
				SWIFT_ACTIVE_COMPILATION_CONDITIONS = DEBUG;
				SWIFT_OPTIMIZATION_LEVEL = "-Onone";
			};
			name = Debug;
		};
		DEE8E097290EDDBF00FBA22A /* Release */ = {
			isa = XCBuildConfiguration;
			buildSettings = {
				ALWAYS_SEARCH_USER_PATHS = NO;
				CLANG_ANALYZER_NONNULL = YES;
				CLANG_ANALYZER_NUMBER_OBJECT_CONVERSION = YES_AGGRESSIVE;
				CLANG_CXX_LANGUAGE_STANDARD = "gnu++20";
				CLANG_ENABLE_MODULES = YES;
				CLANG_ENABLE_OBJC_ARC = YES;
				CLANG_ENABLE_OBJC_WEAK = YES;
				CLANG_WARN_BLOCK_CAPTURE_AUTORELEASING = YES;
				CLANG_WARN_BOOL_CONVERSION = YES;
				CLANG_WARN_COMMA = YES;
				CLANG_WARN_CONSTANT_CONVERSION = YES;
				CLANG_WARN_DEPRECATED_OBJC_IMPLEMENTATIONS = YES;
				CLANG_WARN_DIRECT_OBJC_ISA_USAGE = YES_ERROR;
				CLANG_WARN_DOCUMENTATION_COMMENTS = YES;
				CLANG_WARN_EMPTY_BODY = YES;
				CLANG_WARN_ENUM_CONVERSION = YES;
				CLANG_WARN_INFINITE_RECURSION = YES;
				CLANG_WARN_INT_CONVERSION = YES;
				CLANG_WARN_NON_LITERAL_NULL_CONVERSION = YES;
				CLANG_WARN_OBJC_IMPLICIT_RETAIN_SELF = YES;
				CLANG_WARN_OBJC_LITERAL_CONVERSION = YES;
				CLANG_WARN_OBJC_ROOT_CLASS = YES_ERROR;
				CLANG_WARN_QUOTED_INCLUDE_IN_FRAMEWORK_HEADER = YES;
				CLANG_WARN_RANGE_LOOP_ANALYSIS = YES;
				CLANG_WARN_STRICT_PROTOTYPES = YES;
				CLANG_WARN_SUSPICIOUS_MOVE = YES;
				CLANG_WARN_UNGUARDED_AVAILABILITY = YES_AGGRESSIVE;
				CLANG_WARN_UNREACHABLE_CODE = YES;
				CLANG_WARN__DUPLICATE_METHOD_MATCH = YES;
				COPY_PHASE_STRIP = NO;
				DEBUG_INFORMATION_FORMAT = "dwarf-with-dsym";
				ENABLE_NS_ASSERTIONS = NO;
				ENABLE_STRICT_OBJC_MSGSEND = YES;
				GCC_C_LANGUAGE_STANDARD = gnu11;
				GCC_NO_COMMON_BLOCKS = YES;
				GCC_WARN_64_TO_32_BIT_CONVERSION = YES;
				GCC_WARN_ABOUT_RETURN_TYPE = YES_ERROR;
				GCC_WARN_UNDECLARED_SELECTOR = YES;
				GCC_WARN_UNINITIALIZED_AUTOS = YES_AGGRESSIVE;
				GCC_WARN_UNUSED_FUNCTION = YES;
				GCC_WARN_UNUSED_VARIABLE = YES;
				IPHONEOS_DEPLOYMENT_TARGET = 16.0;
				MTL_ENABLE_DEBUG_INFO = NO;
				MTL_FAST_MATH = YES;
				SDKROOT = iphoneos;
				SWIFT_COMPILATION_MODE = wholemodule;
				SWIFT_OPTIMIZATION_LEVEL = "-O";
				VALIDATE_PRODUCT = YES;
			};
			name = Release;
		};
		DEE8E099290EDDBF00FBA22A /* Debug */ = {
			isa = XCBuildConfiguration;
			buildSettings = {
				ASSETCATALOG_COMPILER_APPICON_NAME = AppIcon;
				ASSETCATALOG_COMPILER_GLOBAL_ACCENT_COLOR_NAME = AccentColor;
				CODE_SIGN_STYLE = Automatic;
				CURRENT_PROJECT_VERSION = 1;
				GENERATE_INFOPLIST_FILE = YES;
				INFOPLIST_FILE = TestGame/Info.plist;
				INFOPLIST_KEY_UIApplicationSupportsIndirectInputEvents = YES;
				INFOPLIST_KEY_UILaunchStoryboardName = LaunchScreen;
				INFOPLIST_KEY_UIMainStoryboardFile = Main;
				INFOPLIST_KEY_UISupportedInterfaceOrientations_iPad = "UIInterfaceOrientationPortrait UIInterfaceOrientationPortraitUpsideDown UIInterfaceOrientationLandscapeLeft UIInterfaceOrientationLandscapeRight";
				INFOPLIST_KEY_UISupportedInterfaceOrientations_iPhone = "UIInterfaceOrientationPortrait UIInterfaceOrientationLandscapeLeft UIInterfaceOrientationLandscapeRight";
				LD_RUNPATH_SEARCH_PATHS = (
					"$(inherited)",
					"@executable_path/Frameworks",
				);
				MARKETING_VERSION = 1.0;
				PRODUCT_BUNDLE_IDENTIFIER = swcsd.us.TestGame;
				PRODUCT_NAME = "$(TARGET_NAME)";
				SWIFT_EMIT_LOC_STRINGS = YES;
				SWIFT_VERSION = 5.0;
				TARGETED_DEVICE_FAMILY = "1,2";
			};
			name = Debug;
		};
		DEE8E09A290EDDBF00FBA22A /* Release */ = {
			isa = XCBuildConfiguration;
			buildSettings = {
				ASSETCATALOG_COMPILER_APPICON_NAME = AppIcon;
				ASSETCATALOG_COMPILER_GLOBAL_ACCENT_COLOR_NAME = AccentColor;
				CODE_SIGN_STYLE = Automatic;
				CURRENT_PROJECT_VERSION = 1;
				GENERATE_INFOPLIST_FILE = YES;
				INFOPLIST_FILE = TestGame/Info.plist;
				INFOPLIST_KEY_UIApplicationSupportsIndirectInputEvents = YES;
				INFOPLIST_KEY_UILaunchStoryboardName = LaunchScreen;
				INFOPLIST_KEY_UIMainStoryboardFile = Main;
				INFOPLIST_KEY_UISupportedInterfaceOrientations_iPad = "UIInterfaceOrientationPortrait UIInterfaceOrientationPortraitUpsideDown UIInterfaceOrientationLandscapeLeft UIInterfaceOrientationLandscapeRight";
				INFOPLIST_KEY_UISupportedInterfaceOrientations_iPhone = "UIInterfaceOrientationPortrait UIInterfaceOrientationLandscapeLeft UIInterfaceOrientationLandscapeRight";
				LD_RUNPATH_SEARCH_PATHS = (
					"$(inherited)",
					"@executable_path/Frameworks",
				);
				MARKETING_VERSION = 1.0;
				PRODUCT_BUNDLE_IDENTIFIER = swcsd.us.TestGame;
				PRODUCT_NAME = "$(TARGET_NAME)";
				SWIFT_EMIT_LOC_STRINGS = YES;
				SWIFT_VERSION = 5.0;
				TARGETED_DEVICE_FAMILY = "1,2";
			};
			name = Release;
		};
		DEE8E09C290EDDBF00FBA22A /* Debug */ = {
			isa = XCBuildConfiguration;
			buildSettings = {
				ALWAYS_EMBED_SWIFT_STANDARD_LIBRARIES = YES;
				BUNDLE_LOADER = "$(TEST_HOST)";
				CODE_SIGN_STYLE = Automatic;
				CURRENT_PROJECT_VERSION = 1;
				GENERATE_INFOPLIST_FILE = YES;
				IPHONEOS_DEPLOYMENT_TARGET = 16.0;
				MARKETING_VERSION = 1.0;
				PRODUCT_BUNDLE_IDENTIFIER = swcsd.us.TestGameTests;
				PRODUCT_NAME = "$(TARGET_NAME)";
				SWIFT_EMIT_LOC_STRINGS = NO;
				SWIFT_VERSION = 5.0;
				TARGETED_DEVICE_FAMILY = "1,2";
				TEST_HOST = "$(BUILT_PRODUCTS_DIR)/TestGame.app/$(BUNDLE_EXECUTABLE_FOLDER_PATH)/TestGame";
			};
			name = Debug;
		};
		DEE8E09D290EDDBF00FBA22A /* Release */ = {
			isa = XCBuildConfiguration;
			buildSettings = {
				ALWAYS_EMBED_SWIFT_STANDARD_LIBRARIES = YES;
				BUNDLE_LOADER = "$(TEST_HOST)";
				CODE_SIGN_STYLE = Automatic;
				CURRENT_PROJECT_VERSION = 1;
				GENERATE_INFOPLIST_FILE = YES;
				IPHONEOS_DEPLOYMENT_TARGET = 16.0;
				MARKETING_VERSION = 1.0;
				PRODUCT_BUNDLE_IDENTIFIER = swcsd.us.TestGameTests;
				PRODUCT_NAME = "$(TARGET_NAME)";
				SWIFT_EMIT_LOC_STRINGS = NO;
				SWIFT_VERSION = 5.0;
				TARGETED_DEVICE_FAMILY = "1,2";
				TEST_HOST = "$(BUILT_PRODUCTS_DIR)/TestGame.app/$(BUNDLE_EXECUTABLE_FOLDER_PATH)/TestGame";
			};
			name = Release;
		};
		DEE8E09F290EDDBF00FBA22A /* Debug */ = {
			isa = XCBuildConfiguration;
			buildSettings = {
				ALWAYS_EMBED_SWIFT_STANDARD_LIBRARIES = YES;
				CODE_SIGN_STYLE = Automatic;
				CURRENT_PROJECT_VERSION = 1;
				GENERATE_INFOPLIST_FILE = YES;
				MARKETING_VERSION = 1.0;
				PRODUCT_BUNDLE_IDENTIFIER = swcsd.us.TestGameUITests;
				PRODUCT_NAME = "$(TARGET_NAME)";
				SWIFT_EMIT_LOC_STRINGS = NO;
				SWIFT_VERSION = 5.0;
				TARGETED_DEVICE_FAMILY = "1,2";
				TEST_TARGET_NAME = TestGame;
			};
			name = Debug;
		};
		DEE8E0A0290EDDBF00FBA22A /* Release */ = {
			isa = XCBuildConfiguration;
			buildSettings = {
				ALWAYS_EMBED_SWIFT_STANDARD_LIBRARIES = YES;
				CODE_SIGN_STYLE = Automatic;
				CURRENT_PROJECT_VERSION = 1;
				GENERATE_INFOPLIST_FILE = YES;
				MARKETING_VERSION = 1.0;
				PRODUCT_BUNDLE_IDENTIFIER = swcsd.us.TestGameUITests;
				PRODUCT_NAME = "$(TARGET_NAME)";
				SWIFT_EMIT_LOC_STRINGS = NO;
				SWIFT_VERSION = 5.0;
				TARGETED_DEVICE_FAMILY = "1,2";
				TEST_TARGET_NAME = TestGame;
			};
			name = Release;
		};
/* End XCBuildConfiguration section */

/* Begin XCConfigurationList section */
		DEE8E066290EDDBE00FBA22A /* Build configuration list for PBXProject "TestGame" */ = {
			isa = XCConfigurationList;
			buildConfigurations = (
				DEE8E096290EDDBF00FBA22A /* Debug */,
				DEE8E097290EDDBF00FBA22A /* Release */,
			);
			defaultConfigurationIsVisible = 0;
			defaultConfigurationName = Release;
		};
		DEE8E098290EDDBF00FBA22A /* Build configuration list for PBXNativeTarget "TestGame" */ = {
			isa = XCConfigurationList;
			buildConfigurations = (
				DEE8E099290EDDBF00FBA22A /* Debug */,
				DEE8E09A290EDDBF00FBA22A /* Release */,
			);
			defaultConfigurationIsVisible = 0;
			defaultConfigurationName = Release;
		};
		DEE8E09B290EDDBF00FBA22A /* Build configuration list for PBXNativeTarget "TestGameTests" */ = {
			isa = XCConfigurationList;
			buildConfigurations = (
				DEE8E09C290EDDBF00FBA22A /* Debug */,
				DEE8E09D290EDDBF00FBA22A /* Release */,
			);
			defaultConfigurationIsVisible = 0;
			defaultConfigurationName = Release;
		};
		DEE8E09E290EDDBF00FBA22A /* Build configuration list for PBXNativeTarget "TestGameUITests" */ = {
			isa = XCConfigurationList;
			buildConfigurations = (
				DEE8E09F290EDDBF00FBA22A /* Debug */,
				DEE8E0A0290EDDBF00FBA22A /* Release */,
			);
			defaultConfigurationIsVisible = 0;
			defaultConfigurationName = Release;
		};
/* End XCConfigurationList section */

/* Begin XCVersionGroup section */
		DEE8E077290EDDBE00FBA22A /* TestGame.xcdatamodeld */ = {
			isa = XCVersionGroup;
			children = (
				DEE8E078290EDDBE00FBA22A /* TestGame.xcdatamodel */,
			);
			currentVersion = DEE8E078290EDDBE00FBA22A /* TestGame.xcdatamodel */;
			path = TestGame.xcdatamodeld;
			sourceTree = "<group>";
			versionGroupType = wrapper.xcdatamodel;
		};
/* End XCVersionGroup section */
	};
	rootObject = DEE8E063290EDDBE00FBA22A /* Project object */;
}
