// !$*UTF8*$!
{
	archiveVersion = 1;
	classes = {
	};
	objectVersion = 56;
	objects = {

/* Begin PBXBuildFile section */
		DE3DDF6D29095E20002779E6 /* AppDelegate.swift in Sources */ = {isa = PBXBuildFile; fileRef = DE3DDF6C29095E20002779E6 /* AppDelegate.swift */; };
		DE3DDF6F29095E20002779E6 /* SceneDelegate.swift in Sources */ = {isa = PBXBuildFile; fileRef = DE3DDF6E29095E20002779E6 /* SceneDelegate.swift */; };
		DE3DDF7129095E20002779E6 /* ViewController.swift in Sources */ = {isa = PBXBuildFile; fileRef = DE3DDF7029095E20002779E6 /* ViewController.swift */; };
		DE3DDF7429095E20002779E6 /* Main.storyboard in Resources */ = {isa = PBXBuildFile; fileRef = DE3DDF7229095E20002779E6 /* Main.storyboard */; };
		DE3DDF7729095E20002779E6 /* collectionsWithLoops.xcdatamodeld in Sources */ = {isa = PBXBuildFile; fileRef = DE3DDF7529095E20002779E6 /* collectionsWithLoops.xcdatamodeld */; };
		DE3DDF7929095E21002779E6 /* Assets.xcassets in Resources */ = {isa = PBXBuildFile; fileRef = DE3DDF7829095E21002779E6 /* Assets.xcassets */; };
		DE3DDF7C29095E21002779E6 /* LaunchScreen.storyboard in Resources */ = {isa = PBXBuildFile; fileRef = DE3DDF7A29095E21002779E6 /* LaunchScreen.storyboard */; };
		DE3DDF8729095E21002779E6 /* collectionsWithLoopsTests.swift in Sources */ = {isa = PBXBuildFile; fileRef = DE3DDF8629095E21002779E6 /* collectionsWithLoopsTests.swift */; };
		DE3DDF9129095E21002779E6 /* collectionsWithLoopsUITests.swift in Sources */ = {isa = PBXBuildFile; fileRef = DE3DDF9029095E21002779E6 /* collectionsWithLoopsUITests.swift */; };
		DE3DDF9329095E21002779E6 /* collectionsWithLoopsUITestsLaunchTests.swift in Sources */ = {isa = PBXBuildFile; fileRef = DE3DDF9229095E21002779E6 /* collectionsWithLoopsUITestsLaunchTests.swift */; };
/* End PBXBuildFile section */

/* Begin PBXContainerItemProxy section */
		DE3DDF8329095E21002779E6 /* PBXContainerItemProxy */ = {
			isa = PBXContainerItemProxy;
			containerPortal = DE3DDF6129095E20002779E6 /* Project object */;
			proxyType = 1;
			remoteGlobalIDString = DE3DDF6829095E20002779E6;
			remoteInfo = collectionsWithLoops;
		};
		DE3DDF8D29095E21002779E6 /* PBXContainerItemProxy */ = {
			isa = PBXContainerItemProxy;
			containerPortal = DE3DDF6129095E20002779E6 /* Project object */;
			proxyType = 1;
			remoteGlobalIDString = DE3DDF6829095E20002779E6;
			remoteInfo = collectionsWithLoops;
		};
/* End PBXContainerItemProxy section */

/* Begin PBXFileReference section */
		DE3DDF6929095E20002779E6 /* collectionsWithLoops.app */ = {isa = PBXFileReference; explicitFileType = wrapper.application; includeInIndex = 0; path = collectionsWithLoops.app; sourceTree = BUILT_PRODUCTS_DIR; };
		DE3DDF6C29095E20002779E6 /* AppDelegate.swift */ = {isa = PBXFileReference; lastKnownFileType = sourcecode.swift; path = AppDelegate.swift; sourceTree = "<group>"; };
		DE3DDF6E29095E20002779E6 /* SceneDelegate.swift */ = {isa = PBXFileReference; lastKnownFileType = sourcecode.swift; path = SceneDelegate.swift; sourceTree = "<group>"; };
		DE3DDF7029095E20002779E6 /* ViewController.swift */ = {isa = PBXFileReference; lastKnownFileType = sourcecode.swift; path = ViewController.swift; sourceTree = "<group>"; };
		DE3DDF7329095E20002779E6 /* Base */ = {isa = PBXFileReference; lastKnownFileType = file.storyboard; name = Base; path = Base.lproj/Main.storyboard; sourceTree = "<group>"; };
		DE3DDF7629095E20002779E6 /* collectionsWithLoops.xcdatamodel */ = {isa = PBXFileReference; lastKnownFileType = wrapper.xcdatamodel; path = collectionsWithLoops.xcdatamodel; sourceTree = "<group>"; };
		DE3DDF7829095E21002779E6 /* Assets.xcassets */ = {isa = PBXFileReference; lastKnownFileType = folder.assetcatalog; path = Assets.xcassets; sourceTree = "<group>"; };
		DE3DDF7B29095E21002779E6 /* Base */ = {isa = PBXFileReference; lastKnownFileType = file.storyboard; name = Base; path = Base.lproj/LaunchScreen.storyboard; sourceTree = "<group>"; };
		DE3DDF7D29095E21002779E6 /* Info.plist */ = {isa = PBXFileReference; lastKnownFileType = text.plist.xml; path = Info.plist; sourceTree = "<group>"; };
		DE3DDF8229095E21002779E6 /* collectionsWithLoopsTests.xctest */ = {isa = PBXFileReference; explicitFileType = wrapper.cfbundle; includeInIndex = 0; path = collectionsWithLoopsTests.xctest; sourceTree = BUILT_PRODUCTS_DIR; };
		DE3DDF8629095E21002779E6 /* collectionsWithLoopsTests.swift */ = {isa = PBXFileReference; lastKnownFileType = sourcecode.swift; path = collectionsWithLoopsTests.swift; sourceTree = "<group>"; };
		DE3DDF8C29095E21002779E6 /* collectionsWithLoopsUITests.xctest */ = {isa = PBXFileReference; explicitFileType = wrapper.cfbundle; includeInIndex = 0; path = collectionsWithLoopsUITests.xctest; sourceTree = BUILT_PRODUCTS_DIR; };
		DE3DDF9029095E21002779E6 /* collectionsWithLoopsUITests.swift */ = {isa = PBXFileReference; lastKnownFileType = sourcecode.swift; path = collectionsWithLoopsUITests.swift; sourceTree = "<group>"; };
		DE3DDF9229095E21002779E6 /* collectionsWithLoopsUITestsLaunchTests.swift */ = {isa = PBXFileReference; lastKnownFileType = sourcecode.swift; path = collectionsWithLoopsUITestsLaunchTests.swift; sourceTree = "<group>"; };
/* End PBXFileReference section */

/* Begin PBXFrameworksBuildPhase section */
		DE3DDF6629095E20002779E6 /* Frameworks */ = {
			isa = PBXFrameworksBuildPhase;
			buildActionMask = 2147483647;
			files = (
			);
			runOnlyForDeploymentPostprocessing = 0;
		};
		DE3DDF7F29095E21002779E6 /* Frameworks */ = {
			isa = PBXFrameworksBuildPhase;
			buildActionMask = 2147483647;
			files = (
			);
			runOnlyForDeploymentPostprocessing = 0;
		};
		DE3DDF8929095E21002779E6 /* Frameworks */ = {
			isa = PBXFrameworksBuildPhase;
			buildActionMask = 2147483647;
			files = (
			);
			runOnlyForDeploymentPostprocessing = 0;
		};
/* End PBXFrameworksBuildPhase section */

/* Begin PBXGroup section */
		DE3DDF6029095E20002779E6 = {
			isa = PBXGroup;
			children = (
				DE3DDF6B29095E20002779E6 /* collectionsWithLoops */,
				DE3DDF8529095E21002779E6 /* collectionsWithLoopsTests */,
				DE3DDF8F29095E21002779E6 /* collectionsWithLoopsUITests */,
				DE3DDF6A29095E20002779E6 /* Products */,
			);
			sourceTree = "<group>";
		};
		DE3DDF6A29095E20002779E6 /* Products */ = {
			isa = PBXGroup;
			children = (
				DE3DDF6929095E20002779E6 /* collectionsWithLoops.app */,
				DE3DDF8229095E21002779E6 /* collectionsWithLoopsTests.xctest */,
				DE3DDF8C29095E21002779E6 /* collectionsWithLoopsUITests.xctest */,
			);
			name = Products;
			sourceTree = "<group>";
		};
		DE3DDF6B29095E20002779E6 /* collectionsWithLoops */ = {
			isa = PBXGroup;
			children = (
				DE3DDF6C29095E20002779E6 /* AppDelegate.swift */,
				DE3DDF6E29095E20002779E6 /* SceneDelegate.swift */,
				DE3DDF7029095E20002779E6 /* ViewController.swift */,
				DE3DDF7229095E20002779E6 /* Main.storyboard */,
				DE3DDF7829095E21002779E6 /* Assets.xcassets */,
				DE3DDF7A29095E21002779E6 /* LaunchScreen.storyboard */,
				DE3DDF7D29095E21002779E6 /* Info.plist */,
				DE3DDF7529095E20002779E6 /* collectionsWithLoops.xcdatamodeld */,
			);
			path = collectionsWithLoops;
			sourceTree = "<group>";
		};
		DE3DDF8529095E21002779E6 /* collectionsWithLoopsTests */ = {
			isa = PBXGroup;
			children = (
				DE3DDF8629095E21002779E6 /* collectionsWithLoopsTests.swift */,
			);
			path = collectionsWithLoopsTests;
			sourceTree = "<group>";
		};
		DE3DDF8F29095E21002779E6 /* collectionsWithLoopsUITests */ = {
			isa = PBXGroup;
			children = (
				DE3DDF9029095E21002779E6 /* collectionsWithLoopsUITests.swift */,
				DE3DDF9229095E21002779E6 /* collectionsWithLoopsUITestsLaunchTests.swift */,
			);
			path = collectionsWithLoopsUITests;
			sourceTree = "<group>";
		};
/* End PBXGroup section */

/* Begin PBXNativeTarget section */
		DE3DDF6829095E20002779E6 /* collectionsWithLoops */ = {
			isa = PBXNativeTarget;
			buildConfigurationList = DE3DDF9629095E21002779E6 /* Build configuration list for PBXNativeTarget "collectionsWithLoops" */;
			buildPhases = (
				DE3DDF6529095E20002779E6 /* Sources */,
				DE3DDF6629095E20002779E6 /* Frameworks */,
				DE3DDF6729095E20002779E6 /* Resources */,
			);
			buildRules = (
			);
			dependencies = (
			);
			name = collectionsWithLoops;
			productName = collectionsWithLoops;
			productReference = DE3DDF6929095E20002779E6 /* collectionsWithLoops.app */;
			productType = "com.apple.product-type.application";
		};
		DE3DDF8129095E21002779E6 /* collectionsWithLoopsTests */ = {
			isa = PBXNativeTarget;
			buildConfigurationList = DE3DDF9929095E21002779E6 /* Build configuration list for PBXNativeTarget "collectionsWithLoopsTests" */;
			buildPhases = (
				DE3DDF7E29095E21002779E6 /* Sources */,
				DE3DDF7F29095E21002779E6 /* Frameworks */,
				DE3DDF8029095E21002779E6 /* Resources */,
			);
			buildRules = (
			);
			dependencies = (
				DE3DDF8429095E21002779E6 /* PBXTargetDependency */,
			);
			name = collectionsWithLoopsTests;
			productName = collectionsWithLoopsTests;
			productReference = DE3DDF8229095E21002779E6 /* collectionsWithLoopsTests.xctest */;
			productType = "com.apple.product-type.bundle.unit-test";
		};
		DE3DDF8B29095E21002779E6 /* collectionsWithLoopsUITests */ = {
			isa = PBXNativeTarget;
			buildConfigurationList = DE3DDF9C29095E21002779E6 /* Build configuration list for PBXNativeTarget "collectionsWithLoopsUITests" */;
			buildPhases = (
				DE3DDF8829095E21002779E6 /* Sources */,
				DE3DDF8929095E21002779E6 /* Frameworks */,
				DE3DDF8A29095E21002779E6 /* Resources */,
			);
			buildRules = (
			);
			dependencies = (
				DE3DDF8E29095E21002779E6 /* PBXTargetDependency */,
			);
			name = collectionsWithLoopsUITests;
			productName = collectionsWithLoopsUITests;
			productReference = DE3DDF8C29095E21002779E6 /* collectionsWithLoopsUITests.xctest */;
			productType = "com.apple.product-type.bundle.ui-testing";
		};
/* End PBXNativeTarget section */

/* Begin PBXProject section */
		DE3DDF6129095E20002779E6 /* Project object */ = {
			isa = PBXProject;
			attributes = {
				BuildIndependentTargetsInParallel = 1;
				LastSwiftUpdateCheck = 1400;
				LastUpgradeCheck = 1400;
				TargetAttributes = {
					DE3DDF6829095E20002779E6 = {
						CreatedOnToolsVersion = 14.0.1;
					};
					DE3DDF8129095E21002779E6 = {
						CreatedOnToolsVersion = 14.0.1;
						TestTargetID = DE3DDF6829095E20002779E6;
					};
					DE3DDF8B29095E21002779E6 = {
						CreatedOnToolsVersion = 14.0.1;
						TestTargetID = DE3DDF6829095E20002779E6;
					};
				};
			};
			buildConfigurationList = DE3DDF6429095E20002779E6 /* Build configuration list for PBXProject "collectionsWithLoops" */;
			compatibilityVersion = "Xcode 14.0";
			developmentRegion = en;
			hasScannedForEncodings = 0;
			knownRegions = (
				en,
				Base,
			);
			mainGroup = DE3DDF6029095E20002779E6;
			productRefGroup = DE3DDF6A29095E20002779E6 /* Products */;
			projectDirPath = "";
			projectRoot = "";
			targets = (
				DE3DDF6829095E20002779E6 /* collectionsWithLoops */,
				DE3DDF8129095E21002779E6 /* collectionsWithLoopsTests */,
				DE3DDF8B29095E21002779E6 /* collectionsWithLoopsUITests */,
			);
		};
/* End PBXProject section */

/* Begin PBXResourcesBuildPhase section */
		DE3DDF6729095E20002779E6 /* Resources */ = {
			isa = PBXResourcesBuildPhase;
			buildActionMask = 2147483647;
			files = (
				DE3DDF7C29095E21002779E6 /* LaunchScreen.storyboard in Resources */,
				DE3DDF7929095E21002779E6 /* Assets.xcassets in Resources */,
				DE3DDF7429095E20002779E6 /* Main.storyboard in Resources */,
			);
			runOnlyForDeploymentPostprocessing = 0;
		};
		DE3DDF8029095E21002779E6 /* Resources */ = {
			isa = PBXResourcesBuildPhase;
			buildActionMask = 2147483647;
			files = (
			);
			runOnlyForDeploymentPostprocessing = 0;
		};
		DE3DDF8A29095E21002779E6 /* Resources */ = {
			isa = PBXResourcesBuildPhase;
			buildActionMask = 2147483647;
			files = (
			);
			runOnlyForDeploymentPostprocessing = 0;
		};
/* End PBXResourcesBuildPhase section */

/* Begin PBXSourcesBuildPhase section */
		DE3DDF6529095E20002779E6 /* Sources */ = {
			isa = PBXSourcesBuildPhase;
			buildActionMask = 2147483647;
			files = (
				DE3DDF7129095E20002779E6 /* ViewController.swift in Sources */,
				DE3DDF6D29095E20002779E6 /* AppDelegate.swift in Sources */,
				DE3DDF6F29095E20002779E6 /* SceneDelegate.swift in Sources */,
				DE3DDF7729095E20002779E6 /* collectionsWithLoops.xcdatamodeld in Sources */,
			);
			runOnlyForDeploymentPostprocessing = 0;
		};
		DE3DDF7E29095E21002779E6 /* Sources */ = {
			isa = PBXSourcesBuildPhase;
			buildActionMask = 2147483647;
			files = (
				DE3DDF8729095E21002779E6 /* collectionsWithLoopsTests.swift in Sources */,
			);
			runOnlyForDeploymentPostprocessing = 0;
		};
		DE3DDF8829095E21002779E6 /* Sources */ = {
			isa = PBXSourcesBuildPhase;
			buildActionMask = 2147483647;
			files = (
				DE3DDF9329095E21002779E6 /* collectionsWithLoopsUITestsLaunchTests.swift in Sources */,
				DE3DDF9129095E21002779E6 /* collectionsWithLoopsUITests.swift in Sources */,
			);
			runOnlyForDeploymentPostprocessing = 0;
		};
/* End PBXSourcesBuildPhase section */

/* Begin PBXTargetDependency section */
		DE3DDF8429095E21002779E6 /* PBXTargetDependency */ = {
			isa = PBXTargetDependency;
			target = DE3DDF6829095E20002779E6 /* collectionsWithLoops */;
			targetProxy = DE3DDF8329095E21002779E6 /* PBXContainerItemProxy */;
		};
		DE3DDF8E29095E21002779E6 /* PBXTargetDependency */ = {
			isa = PBXTargetDependency;
			target = DE3DDF6829095E20002779E6 /* collectionsWithLoops */;
			targetProxy = DE3DDF8D29095E21002779E6 /* PBXContainerItemProxy */;
		};
/* End PBXTargetDependency section */

/* Begin PBXVariantGroup section */
		DE3DDF7229095E20002779E6 /* Main.storyboard */ = {
			isa = PBXVariantGroup;
			children = (
				DE3DDF7329095E20002779E6 /* Base */,
			);
			name = Main.storyboard;
			sourceTree = "<group>";
		};
		DE3DDF7A29095E21002779E6 /* LaunchScreen.storyboard */ = {
			isa = PBXVariantGroup;
			children = (
				DE3DDF7B29095E21002779E6 /* Base */,
			);
			name = LaunchScreen.storyboard;
			sourceTree = "<group>";
		};
/* End PBXVariantGroup section */

/* Begin XCBuildConfiguration section */
		DE3DDF9429095E21002779E6 /* Debug */ = {
			isa = XCBuildConfiguration;
			buildSettings = {
				ALWAYS_SEARCH_USER_PATHS = NO;
				CLANG_ANALYZER_NONNULL = YES;
				CLANG_ANALYZER_NUMBER_OBJECT_CONVERSION = YES_AGGRESSIVE;
				CLANG_CXX_LANGUAGE_STANDARD = "gnu++20";
				CLANG_ENABLE_MODULES = YES;
				CLANG_ENABLE_OBJC_ARC = YES;
				CLANG_ENABLE_OBJC_WEAK = YES;
				CLANG_WARN_BLOCK_CAPTURE_AUTORELEASING = YES;
				CLANG_WARN_BOOL_CONVERSION = YES;
				CLANG_WARN_COMMA = YES;
				CLANG_WARN_CONSTANT_CONVERSION = YES;
				CLANG_WARN_DEPRECATED_OBJC_IMPLEMENTATIONS = YES;
				CLANG_WARN_DIRECT_OBJC_ISA_USAGE = YES_ERROR;
				CLANG_WARN_DOCUMENTATION_COMMENTS = YES;
				CLANG_WARN_EMPTY_BODY = YES;
				CLANG_WARN_ENUM_CONVERSION = YES;
				CLANG_WARN_INFINITE_RECURSION = YES;
				CLANG_WARN_INT_CONVERSION = YES;
				CLANG_WARN_NON_LITERAL_NULL_CONVERSION = YES;
				CLANG_WARN_OBJC_IMPLICIT_RETAIN_SELF = YES;
				CLANG_WARN_OBJC_LITERAL_CONVERSION = YES;
				CLANG_WARN_OBJC_ROOT_CLASS = YES_ERROR;
				CLANG_WARN_QUOTED_INCLUDE_IN_FRAMEWORK_HEADER = YES;
				CLANG_WARN_RANGE_LOOP_ANALYSIS = YES;
				CLANG_WARN_STRICT_PROTOTYPES = YES;
				CLANG_WARN_SUSPICIOUS_MOVE = YES;
				CLANG_WARN_UNGUARDED_AVAILABILITY = YES_AGGRESSIVE;
				CLANG_WARN_UNREACHABLE_CODE = YES;
				CLANG_WARN__DUPLICATE_METHOD_MATCH = YES;
				COPY_PHASE_STRIP = NO;
				DEBUG_INFORMATION_FORMAT = dwarf;
				ENABLE_STRICT_OBJC_MSGSEND = YES;
				ENABLE_TESTABILITY = YES;
				GCC_C_LANGUAGE_STANDARD = gnu11;
				GCC_DYNAMIC_NO_PIC = NO;
				GCC_NO_COMMON_BLOCKS = YES;
				GCC_OPTIMIZATION_LEVEL = 0;
				GCC_PREPROCESSOR_DEFINITIONS = (
					"DEBUG=1",
					"$(inherited)",
				);
				GCC_WARN_64_TO_32_BIT_CONVERSION = YES;
				GCC_WARN_ABOUT_RETURN_TYPE = YES_ERROR;
				GCC_WARN_UNDECLARED_SELECTOR = YES;
				GCC_WARN_UNINITIALIZED_AUTOS = YES_AGGRESSIVE;
				GCC_WARN_UNUSED_FUNCTION = YES;
				GCC_WARN_UNUSED_VARIABLE = YES;
				IPHONEOS_DEPLOYMENT_TARGET = 16.0;
				MTL_ENABLE_DEBUG_INFO = INCLUDE_SOURCE;
				MTL_FAST_MATH = YES;
				ONLY_ACTIVE_ARCH = YES;
				SDKROOT = iphoneos;
				SWIFT_ACTIVE_COMPILATION_CONDITIONS = DEBUG;
				SWIFT_OPTIMIZATION_LEVEL = "-Onone";
			};
			name = Debug;
		};
		DE3DDF9529095E21002779E6 /* Release */ = {
			isa = XCBuildConfiguration;
			buildSettings = {
				ALWAYS_SEARCH_USER_PATHS = NO;
				CLANG_ANALYZER_NONNULL = YES;
				CLANG_ANALYZER_NUMBER_OBJECT_CONVERSION = YES_AGGRESSIVE;
				CLANG_CXX_LANGUAGE_STANDARD = "gnu++20";
				CLANG_ENABLE_MODULES = YES;
				CLANG_ENABLE_OBJC_ARC = YES;
				CLANG_ENABLE_OBJC_WEAK = YES;
				CLANG_WARN_BLOCK_CAPTURE_AUTORELEASING = YES;
				CLANG_WARN_BOOL_CONVERSION = YES;
				CLANG_WARN_COMMA = YES;
				CLANG_WARN_CONSTANT_CONVERSION = YES;
				CLANG_WARN_DEPRECATED_OBJC_IMPLEMENTATIONS = YES;
				CLANG_WARN_DIRECT_OBJC_ISA_USAGE = YES_ERROR;
				CLANG_WARN_DOCUMENTATION_COMMENTS = YES;
				CLANG_WARN_EMPTY_BODY = YES;
				CLANG_WARN_ENUM_CONVERSION = YES;
				CLANG_WARN_INFINITE_RECURSION = YES;
				CLANG_WARN_INT_CONVERSION = YES;
				CLANG_WARN_NON_LITERAL_NULL_CONVERSION = YES;
				CLANG_WARN_OBJC_IMPLICIT_RETAIN_SELF = YES;
				CLANG_WARN_OBJC_LITERAL_CONVERSION = YES;
				CLANG_WARN_OBJC_ROOT_CLASS = YES_ERROR;
				CLANG_WARN_QUOTED_INCLUDE_IN_FRAMEWORK_HEADER = YES;
				CLANG_WARN_RANGE_LOOP_ANALYSIS = YES;
				CLANG_WARN_STRICT_PROTOTYPES = YES;
				CLANG_WARN_SUSPICIOUS_MOVE = YES;
				CLANG_WARN_UNGUARDED_AVAILABILITY = YES_AGGRESSIVE;
				CLANG_WARN_UNREACHABLE_CODE = YES;
				CLANG_WARN__DUPLICATE_METHOD_MATCH = YES;
				COPY_PHASE_STRIP = NO;
				DEBUG_INFORMATION_FORMAT = "dwarf-with-dsym";
				ENABLE_NS_ASSERTIONS = NO;
				ENABLE_STRICT_OBJC_MSGSEND = YES;
				GCC_C_LANGUAGE_STANDARD = gnu11;
				GCC_NO_COMMON_BLOCKS = YES;
				GCC_WARN_64_TO_32_BIT_CONVERSION = YES;
				GCC_WARN_ABOUT_RETURN_TYPE = YES_ERROR;
				GCC_WARN_UNDECLARED_SELECTOR = YES;
				GCC_WARN_UNINITIALIZED_AUTOS = YES_AGGRESSIVE;
				GCC_WARN_UNUSED_FUNCTION = YES;
				GCC_WARN_UNUSED_VARIABLE = YES;
				IPHONEOS_DEPLOYMENT_TARGET = 16.0;
				MTL_ENABLE_DEBUG_INFO = NO;
				MTL_FAST_MATH = YES;
				SDKROOT = iphoneos;
				SWIFT_COMPILATION_MODE = wholemodule;
				SWIFT_OPTIMIZATION_LEVEL = "-O";
				VALIDATE_PRODUCT = YES;
			};
			name = Release;
		};
		DE3DDF9729095E21002779E6 /* Debug */ = {
			isa = XCBuildConfiguration;
			buildSettings = {
				ASSETCATALOG_COMPILER_APPICON_NAME = AppIcon;
				ASSETCATALOG_COMPILER_GLOBAL_ACCENT_COLOR_NAME = AccentColor;
				CODE_SIGN_STYLE = Automatic;
				CURRENT_PROJECT_VERSION = 1;
				GENERATE_INFOPLIST_FILE = YES;
				INFOPLIST_FILE = collectionsWithLoops/Info.plist;
				INFOPLIST_KEY_UIApplicationSupportsIndirectInputEvents = YES;
				INFOPLIST_KEY_UILaunchStoryboardName = LaunchScreen;
				INFOPLIST_KEY_UIMainStoryboardFile = Main;
				INFOPLIST_KEY_UISupportedInterfaceOrientations_iPad = "UIInterfaceOrientationPortrait UIInterfaceOrientationPortraitUpsideDown UIInterfaceOrientationLandscapeLeft UIInterfaceOrientationLandscapeRight";
				INFOPLIST_KEY_UISupportedInterfaceOrientations_iPhone = "UIInterfaceOrientationPortrait UIInterfaceOrientationLandscapeLeft UIInterfaceOrientationLandscapeRight";
				LD_RUNPATH_SEARCH_PATHS = (
					"$(inherited)",
					"@executable_path/Frameworks",
				);
				MARKETING_VERSION = 1.0;
				PRODUCT_BUNDLE_IDENTIFIER = swcsd.us.collectionsWithLoops;
				PRODUCT_NAME = "$(TARGET_NAME)";
				SWIFT_EMIT_LOC_STRINGS = YES;
				SWIFT_VERSION = 5.0;
				TARGETED_DEVICE_FAMILY = "1,2";
			};
			name = Debug;
		};
		DE3DDF9829095E21002779E6 /* Release */ = {
			isa = XCBuildConfiguration;
			buildSettings = {
				ASSETCATALOG_COMPILER_APPICON_NAME = AppIcon;
				ASSETCATALOG_COMPILER_GLOBAL_ACCENT_COLOR_NAME = AccentColor;
				CODE_SIGN_STYLE = Automatic;
				CURRENT_PROJECT_VERSION = 1;
				GENERATE_INFOPLIST_FILE = YES;
				INFOPLIST_FILE = collectionsWithLoops/Info.plist;
				INFOPLIST_KEY_UIApplicationSupportsIndirectInputEvents = YES;
				INFOPLIST_KEY_UILaunchStoryboardName = LaunchScreen;
				INFOPLIST_KEY_UIMainStoryboardFile = Main;
				INFOPLIST_KEY_UISupportedInterfaceOrientations_iPad = "UIInterfaceOrientationPortrait UIInterfaceOrientationPortraitUpsideDown UIInterfaceOrientationLandscapeLeft UIInterfaceOrientationLandscapeRight";
				INFOPLIST_KEY_UISupportedInterfaceOrientations_iPhone = "UIInterfaceOrientationPortrait UIInterfaceOrientationLandscapeLeft UIInterfaceOrientationLandscapeRight";
				LD_RUNPATH_SEARCH_PATHS = (
					"$(inherited)",
					"@executable_path/Frameworks",
				);
				MARKETING_VERSION = 1.0;
				PRODUCT_BUNDLE_IDENTIFIER = swcsd.us.collectionsWithLoops;
				PRODUCT_NAME = "$(TARGET_NAME)";
				SWIFT_EMIT_LOC_STRINGS = YES;
				SWIFT_VERSION = 5.0;
				TARGETED_DEVICE_FAMILY = "1,2";
			};
			name = Release;
		};
		DE3DDF9A29095E21002779E6 /* Debug */ = {
			isa = XCBuildConfiguration;
			buildSettings = {
				ALWAYS_EMBED_SWIFT_STANDARD_LIBRARIES = YES;
				BUNDLE_LOADER = "$(TEST_HOST)";
				CODE_SIGN_STYLE = Automatic;
				CURRENT_PROJECT_VERSION = 1;
				GENERATE_INFOPLIST_FILE = YES;
				IPHONEOS_DEPLOYMENT_TARGET = 16.0;
				MARKETING_VERSION = 1.0;
				PRODUCT_BUNDLE_IDENTIFIER = swcsd.us.collectionsWithLoopsTests;
				PRODUCT_NAME = "$(TARGET_NAME)";
				SWIFT_EMIT_LOC_STRINGS = NO;
				SWIFT_VERSION = 5.0;
				TARGETED_DEVICE_FAMILY = "1,2";
				TEST_HOST = "$(BUILT_PRODUCTS_DIR)/collectionsWithLoops.app/$(BUNDLE_EXECUTABLE_FOLDER_PATH)/collectionsWithLoops";
			};
			name = Debug;
		};
		DE3DDF9B29095E21002779E6 /* Release */ = {
			isa = XCBuildConfiguration;
			buildSettings = {
				ALWAYS_EMBED_SWIFT_STANDARD_LIBRARIES = YES;
				BUNDLE_LOADER = "$(TEST_HOST)";
				CODE_SIGN_STYLE = Automatic;
				CURRENT_PROJECT_VERSION = 1;
				GENERATE_INFOPLIST_FILE = YES;
				IPHONEOS_DEPLOYMENT_TARGET = 16.0;
				MARKETING_VERSION = 1.0;
				PRODUCT_BUNDLE_IDENTIFIER = swcsd.us.collectionsWithLoopsTests;
				PRODUCT_NAME = "$(TARGET_NAME)";
				SWIFT_EMIT_LOC_STRINGS = NO;
				SWIFT_VERSION = 5.0;
				TARGETED_DEVICE_FAMILY = "1,2";
				TEST_HOST = "$(BUILT_PRODUCTS_DIR)/collectionsWithLoops.app/$(BUNDLE_EXECUTABLE_FOLDER_PATH)/collectionsWithLoops";
			};
			name = Release;
		};
		DE3DDF9D29095E21002779E6 /* Debug */ = {
			isa = XCBuildConfiguration;
			buildSettings = {
				ALWAYS_EMBED_SWIFT_STANDARD_LIBRARIES = YES;
				CODE_SIGN_STYLE = Automatic;
				CURRENT_PROJECT_VERSION = 1;
				GENERATE_INFOPLIST_FILE = YES;
				MARKETING_VERSION = 1.0;
				PRODUCT_BUNDLE_IDENTIFIER = swcsd.us.collectionsWithLoopsUITests;
				PRODUCT_NAME = "$(TARGET_NAME)";
				SWIFT_EMIT_LOC_STRINGS = NO;
				SWIFT_VERSION = 5.0;
				TARGETED_DEVICE_FAMILY = "1,2";
				TEST_TARGET_NAME = collectionsWithLoops;
			};
			name = Debug;
		};
		DE3DDF9E29095E21002779E6 /* Release */ = {
			isa = XCBuildConfiguration;
			buildSettings = {
				ALWAYS_EMBED_SWIFT_STANDARD_LIBRARIES = YES;
				CODE_SIGN_STYLE = Automatic;
				CURRENT_PROJECT_VERSION = 1;
				GENERATE_INFOPLIST_FILE = YES;
				MARKETING_VERSION = 1.0;
				PRODUCT_BUNDLE_IDENTIFIER = swcsd.us.collectionsWithLoopsUITests;
				PRODUCT_NAME = "$(TARGET_NAME)";
				SWIFT_EMIT_LOC_STRINGS = NO;
				SWIFT_VERSION = 5.0;
				TARGETED_DEVICE_FAMILY = "1,2";
				TEST_TARGET_NAME = collectionsWithLoops;
			};
			name = Release;
		};
/* End XCBuildConfiguration section */

/* Begin XCConfigurationList section */
		DE3DDF6429095E20002779E6 /* Build configuration list for PBXProject "collectionsWithLoops" */ = {
			isa = XCConfigurationList;
			buildConfigurations = (
				DE3DDF9429095E21002779E6 /* Debug */,
				DE3DDF9529095E21002779E6 /* Release */,
			);
			defaultConfigurationIsVisible = 0;
			defaultConfigurationName = Release;
		};
		DE3DDF9629095E21002779E6 /* Build configuration list for PBXNativeTarget "collectionsWithLoops" */ = {
			isa = XCConfigurationList;
			buildConfigurations = (
				DE3DDF9729095E21002779E6 /* Debug */,
				DE3DDF9829095E21002779E6 /* Release */,
			);
			defaultConfigurationIsVisible = 0;
			defaultConfigurationName = Release;
		};
		DE3DDF9929095E21002779E6 /* Build configuration list for PBXNativeTarget "collectionsWithLoopsTests" */ = {
			isa = XCConfigurationList;
			buildConfigurations = (
				DE3DDF9A29095E21002779E6 /* Debug */,
				DE3DDF9B29095E21002779E6 /* Release */,
			);
			defaultConfigurationIsVisible = 0;
			defaultConfigurationName = Release;
		};
		DE3DDF9C29095E21002779E6 /* Build configuration list for PBXNativeTarget "collectionsWithLoopsUITests" */ = {
			isa = XCConfigurationList;
			buildConfigurations = (
				DE3DDF9D29095E21002779E6 /* Debug */,
				DE3DDF9E29095E21002779E6 /* Release */,
			);
			defaultConfigurationIsVisible = 0;
			defaultConfigurationName = Release;
		};
/* End XCConfigurationList section */

/* Begin XCVersionGroup section */
		DE3DDF7529095E20002779E6 /* collectionsWithLoops.xcdatamodeld */ = {
			isa = XCVersionGroup;
			children = (
				DE3DDF7629095E20002779E6 /* collectionsWithLoops.xcdatamodel */,
			);
			currentVersion = DE3DDF7629095E20002779E6 /* collectionsWithLoops.xcdatamodel */;
			path = collectionsWithLoops.xcdatamodeld;
			sourceTree = "<group>";
			versionGroupType = wrapper.xcdatamodel;
		};
/* End XCVersionGroup section */
	};
	rootObject = DE3DDF6129095E20002779E6 /* Project object */;
}
